{
  "version": 4,
  "terraform_version": "1.4.4",
  "serial": 63,
  "lineage": "904b0928-b8ee-c409-ebfd-2be2971bfd22",
  "outputs": {
    "gcp_service-account": {
      "value": {
        "account_id": "gcptest",
        "description": "",
        "disabled": false,
        "display_name": "My Service Account",
        "email": "gcptest@root-welder-383716.iam.gserviceaccount.com",
        "id": "projects/root-welder-383716/serviceAccounts/gcptest@root-welder-383716.iam.gserviceaccount.com",
        "member": "serviceAccount:gcptest@root-welder-383716.iam.gserviceaccount.com",
        "name": "projects/root-welder-383716/serviceAccounts/gcptest@root-welder-383716.iam.gserviceaccount.com",
        "project": "root-welder-383716",
        "timeouts": null,
        "unique_id": "113063282242990338891"
      },
      "type": [
        "object",
        {
          "account_id": "string",
          "description": "string",
          "disabled": "bool",
          "display_name": "string",
          "email": "string",
          "id": "string",
          "member": "string",
          "name": "string",
          "project": "string",
          "timeouts": [
            "object",
            {
              "create": "string"
            }
          ],
          "unique_id": "string"
        }
      ]
    }
  },
  "resources": [
    {
      "mode": "data",
      "type": "google_compute_image",
      "name": "debian_9",
      "provider": "provider[\"registry.terraform.io/hashicorp/google\"]",
      "instances": [
        {
          "schema_version": 0,
          "attributes": {
            "archive_size_bytes": 2047885824,
            "creation_timestamp": "2023-07-11T16:20:27.493-07:00",
            "description": "Debian, Debian GNU/Linux, 11 (bullseye), amd64 built on 20230711",
            "disk_size_gb": 10,
            "family": "debian-11",
            "filter": null,
            "id": "projects/debian-cloud/global/images/debian-11-bullseye-v20230711",
            "image_encryption_key_sha256": "",
            "image_id": "5105549231284837717",
            "label_fingerprint": "42WmSpB8rSM=",
            "labels": {},
            "licenses": [
              "https://www.googleapis.com/compute/v1/projects/debian-cloud/global/licenses/debian-11-bullseye"
            ],
            "name": "debian-11-bullseye-v20230711",
            "project": "debian-cloud",
            "self_link": "https://www.googleapis.com/compute/v1/projects/debian-cloud/global/images/debian-11-bullseye-v20230711",
            "source_disk": "",
            "source_disk_encryption_key_sha256": "",
            "source_disk_id": "",
            "source_image_id": "",
            "status": "READY"
          },
          "sensitive_attributes": []
        }
      ]
    },
    {
      "mode": "data",
      "type": "google_service_account",
      "name": "gcptest",
      "provider": "provider[\"registry.terraform.io/hashicorp/google\"]",
      "instances": [
        {
          "schema_version": 0,
          "attributes": {
            "account_id": "gcptest",
            "display_name": "My Service Account",
            "email": "gcptest@root-welder-383716.iam.gserviceaccount.com",
            "id": "projects/root-welder-383716/serviceAccounts/gcptest@root-welder-383716.iam.gserviceaccount.com",
            "member": "serviceAccount:gcptest@root-welder-383716.iam.gserviceaccount.com",
            "name": "projects/root-welder-383716/serviceAccounts/gcptest@root-welder-383716.iam.gserviceaccount.com",
            "project": "root-welder-383716",
            "unique_id": "113063282242990338891"
          },
          "sensitive_attributes": []
        }
      ]
    },
    {
      "mode": "managed",
      "type": "google_compute_autoscaler",
      "name": "db_auto",
      "provider": "provider[\"registry.terraform.io/hashicorp/google\"]",
      "instances": [
        {
          "schema_version": 0,
          "attributes": {
            "autoscaling_policy": [
              {
                "cooldown_period": 60,
                "cpu_utilization": [
                  {
                    "predictive_method": "NONE",
                    "target": 0.5
                  }
                ],
                "load_balancing_utilization": [],
                "max_replicas": 3,
                "metric": [],
                "min_replicas": 1,
                "mode": "ON",
                "scale_in_control": [],
                "scaling_schedules": []
              }
            ],
            "creation_timestamp": "2023-07-14T03:26:13.317-07:00",
            "description": "",
            "id": "projects/root-welder-383716/zones/us-east1-b/autoscalers/my-autoscaler",
            "name": "my-autoscaler",
            "project": "root-welder-383716",
            "self_link": "https://www.googleapis.com/compute/v1/projects/root-welder-383716/zones/us-east1-b/autoscalers/my-autoscaler",
            "target": "https://www.googleapis.com/compute/v1/projects/root-welder-383716/zones/us-east1-b/instanceGroupManagers/my-igm",
            "timeouts": null,
            "zone": "https://www.googleapis.com/compute/v1/projects/root-welder-383716/zones/us-east1-b"
          },
          "sensitive_attributes": [],
          "private": "eyJlMmJmYjczMC1lY2FhLTExZTYtOGY4OC0zNDM2M2JjN2M0YzAiOnsiY3JlYXRlIjoxMjAwMDAwMDAwMDAwLCJkZWxldGUiOjEyMDAwMDAwMDAwMDAsInVwZGF0ZSI6MTIwMDAwMDAwMDAwMH19",
          "dependencies": [
            "google_compute_instance_group_manager.foobar"
          ]
        }
      ]
    },
    {
      "mode": "managed",
      "type": "google_compute_instance_group_manager",
      "name": "foobar",
      "provider": "provider[\"registry.terraform.io/hashicorp/google\"]",
      "instances": [
        {
          "schema_version": 0,
          "attributes": {
            "auto_healing_policies": [],
            "base_instance_name": "gcp-instance",
            "description": "",
            "fingerprint": "lBX-tFi6Opo=",
            "id": "projects/root-welder-383716/zones/us-east1-b/instanceGroupManagers/my-igm",
            "instance_group": "https://www.googleapis.com/compute/v1/projects/root-welder-383716/zones/us-east1-b/instanceGroups/my-igm",
            "list_managed_instances_results": "PAGELESS",
            "name": "my-igm",
            "named_port": [],
            "operation": null,
            "project": "root-welder-383716",
            "self_link": "https://www.googleapis.com/compute/v1/projects/root-welder-383716/zones/us-east1-b/instanceGroupManagers/my-igm",
            "stateful_disk": [],
            "status": [
              {
                "is_stable": true,
                "stateful": [
                  {
                    "has_stateful_config": false,
                    "per_instance_configs": [
                      {
                        "all_effective": true
                      }
                    ]
                  }
                ],
                "version_target": [
                  {
                    "is_reached": true
                  }
                ]
              }
            ],
            "target_pools": [
              "https://www.googleapis.com/compute/v1/projects/root-welder-383716/regions/us-east1/targetPools/my-target-pool"
            ],
            "target_size": 0,
            "timeouts": null,
            "update_policy": [
              {
                "max_surge_fixed": 1,
                "max_surge_percent": 0,
                "max_unavailable_fixed": 1,
                "max_unavailable_percent": 0,
                "minimal_action": "REPLACE",
                "most_disruptive_allowed_action": "",
                "replacement_method": "SUBSTITUTE",
                "type": "OPPORTUNISTIC"
              }
            ],
            "version": [
              {
                "instance_template": "https://www.googleapis.com/compute/v1/projects/root-welder-383716/global/instanceTemplates/my-instance-template",
                "name": "primary",
                "target_size": []
              }
            ],
            "wait_for_instances": false,
            "wait_for_instances_status": "STABLE",
            "zone": "us-east1-b"
          },
          "sensitive_attributes": [],
          "private": "eyJlMmJmYjczMC1lY2FhLTExZTYtOGY4OC0zNDM2M2JjN2M0YzAiOnsiY3JlYXRlIjo5MDAwMDAwMDAwMDAsImRlbGV0ZSI6OTAwMDAwMDAwMDAwLCJ1cGRhdGUiOjkwMDAwMDAwMDAwMH19",
          "dependencies": [
            "data.google_compute_image.debian_9",
            "google_compute_instance_template.gcp_ins_tmplt",
            "google_compute_target_pool.target"
          ]
        }
      ]
    },
    {
      "mode": "managed",
      "type": "google_compute_instance_template",
      "name": "gcp_ins_tmplt",
      "provider": "provider[\"registry.terraform.io/hashicorp/google\"]",
      "instances": [
        {
          "schema_version": 1,
          "attributes": {
            "advanced_machine_features": [],
            "can_ip_forward": false,
            "confidential_instance_config": [],
            "description": "",
            "disk": [
              {
                "auto_delete": true,
                "boot": true,
                "device_name": "persistent-disk-0",
                "disk_encryption_key": [],
                "disk_name": "",
                "disk_size_gb": 0,
                "disk_type": "pd-standard",
                "interface": "SCSI",
                "labels": {},
                "mode": "READ_WRITE",
                "resource_policies": [],
                "source": "",
                "source_image": "projects/debian-cloud/global/images/debian-11-bullseye-v20230711",
                "source_image_encryption_key": [],
                "source_snapshot": "",
                "source_snapshot_encryption_key": [],
                "type": "PERSISTENT"
              }
            ],
            "guest_accelerator": [],
            "id": "projects/root-welder-383716/global/instanceTemplates/my-instance-template",
            "instance_description": "",
            "labels": null,
            "machine_type": "e2-medium",
            "metadata": {
              "foo": "bar"
            },
            "metadata_fingerprint": "RGlq84oCc28=",
            "metadata_startup_script": null,
            "min_cpu_platform": "",
            "name": "my-instance-template",
            "name_prefix": null,
            "network_interface": [
              {
                "access_config": [],
                "alias_ip_range": [],
                "ipv6_access_config": [],
                "ipv6_access_type": "",
                "name": "nic0",
                "network": "https://www.googleapis.com/compute/v1/projects/root-welder-383716/global/networks/default",
                "network_ip": "",
                "nic_type": "",
                "queue_count": 0,
                "stack_type": "",
                "subnetwork": "",
                "subnetwork_project": ""
              }
            ],
            "network_performance_config": [],
            "project": "root-welder-383716",
            "region": null,
            "reservation_affinity": [],
            "resource_policies": null,
            "scheduling": [
              {
                "automatic_restart": true,
                "instance_termination_action": "",
                "min_node_cpus": 0,
                "node_affinities": [],
                "on_host_maintenance": "MIGRATE",
                "preemptible": false,
                "provisioning_model": "STANDARD"
              }
            ],
            "self_link": "https://www.googleapis.com/compute/v1/projects/root-welder-383716/global/instanceTemplates/my-instance-template",
            "self_link_unique": "https://www.googleapis.com/compute/v1/projects/root-welder-383716/global/instanceTemplates/my-instance-template?uniqueId=6929843543814741577",
            "service_account": [],
            "shielded_instance_config": [],
            "tags": [],
            "tags_fingerprint": "",
            "timeouts": null
          },
          "sensitive_attributes": [],
          "private": "eyJlMmJmYjczMC1lY2FhLTExZTYtOGY4OC0zNDM2M2JjN2M0YzAiOnsiY3JlYXRlIjoyNDAwMDAwMDAwMDAsImRlbGV0ZSI6MjQwMDAwMDAwMDAwfSwic2NoZW1hX3ZlcnNpb24iOiIxIn0=",
          "dependencies": [
            "data.google_compute_image.debian_9"
          ]
        }
      ]
    },
    {
      "mode": "managed",
      "type": "google_compute_target_pool",
      "name": "target",
      "provider": "provider[\"registry.terraform.io/hashicorp/google\"]",
      "instances": [
        {
          "schema_version": 0,
          "attributes": {
            "backup_pool": "",
            "description": "",
            "failover_ratio": 0,
            "health_checks": [],
            "id": "projects/root-welder-383716/regions/us-east1/targetPools/my-target-pool",
            "instances": [],
            "name": "my-target-pool",
            "project": "root-welder-383716",
            "region": "us-east1",
            "self_link": "https://www.googleapis.com/compute/v1/projects/root-welder-383716/regions/us-east1/targetPools/my-target-pool",
            "session_affinity": "NONE",
            "timeouts": null
          },
          "sensitive_attributes": [],
          "private": "eyJlMmJmYjczMC1lY2FhLTExZTYtOGY4OC0zNDM2M2JjN2M0YzAiOnsiY3JlYXRlIjoyNDAwMDAwMDAwMDAsImRlbGV0ZSI6MjQwMDAwMDAwMDAwLCJ1cGRhdGUiOjI0MDAwMDAwMDAwMH19"
        }
      ]
    },
    {
      "mode": "managed",
      "type": "google_service_account",
      "name": "gcptest",
      "provider": "provider[\"registry.terraform.io/hashicorp/google\"]",
      "instances": [
        {
          "schema_version": 0,
          "attributes": {
            "account_id": "gcptest",
            "description": "",
            "disabled": false,
            "display_name": "My Service Account",
            "email": "gcptest@root-welder-383716.iam.gserviceaccount.com",
            "id": "projects/root-welder-383716/serviceAccounts/gcptest@root-welder-383716.iam.gserviceaccount.com",
            "member": "serviceAccount:gcptest@root-welder-383716.iam.gserviceaccount.com",
            "name": "projects/root-welder-383716/serviceAccounts/gcptest@root-welder-383716.iam.gserviceaccount.com",
            "project": "root-welder-383716",
            "timeouts": null,
            "unique_id": "113063282242990338891"
          },
          "sensitive_attributes": [],
          "private": "eyJlMmJmYjczMC1lY2FhLTExZTYtOGY4OC0zNDM2M2JjN2M0YzAiOnsiY3JlYXRlIjozMDAwMDAwMDAwMDB9fQ=="
        }
      ]
    },
    {
      "mode": "managed",
      "type": "google_service_account_key",
      "name": "gcptest",
      "provider": "provider[\"registry.terraform.io/hashicorp/google\"]",
      "instances": [
        {
          "schema_version": 0,
          "attributes": {
            "id": "projects/root-welder-383716/serviceAccounts/gcptest@root-welder-383716.iam.gserviceaccount.com/keys/89d37fdfe0b247f8dca2ceece8eff75ae4a2f450",
            "keepers": null,
            "key_algorithm": "KEY_ALG_RSA_2048",
            "name": "projects/root-welder-383716/serviceAccounts/gcptest@root-welder-383716.iam.gserviceaccount.com/keys/89d37fdfe0b247f8dca2ceece8eff75ae4a2f450",
            "private_key": "ewogICJ0eXBlIjogInNlcnZpY2VfYWNjb3VudCIsCiAgInByb2plY3RfaWQiOiAicm9vdC13ZWxkZXItMzgzNzE2IiwKICAicHJpdmF0ZV9rZXlfaWQiOiAiODlkMzdmZGZlMGIyNDdmOGRjYTJjZWVjZThlZmY3NWFlNGEyZjQ1MCIsCiAgInByaXZhdGVfa2V5IjogIi0tLS0tQkVHSU4gUFJJVkFURSBLRVktLS0tLVxuTUlJRXZ3SUJBREFOQmdrcWhraUc5dzBCQVFFRkFBU0NCS2t3Z2dTbEFnRUFBb0lCQVFDZFBlOUtVZWZSSW8wYVxuQ2V6ZHJCSk9XdXRqSVdqYkJxRGlKTWZXbElWQ29tUFZzRmtyejVGdUxxYjJlU1IzWmgwMzd3bk9qSFlNVDhiNFxuRTU5dExqandYNjhTU2VwUW5aU0RIM2NIK21NS1NWOU5mNmZvc0lQNjFPUlJ2WWw5cEFXd3VibjBDVlhaSXhRMVxuMkJQTldmaXRnQU9OZ0Q4RVU5MDBMdElqZGRhZlJ2MDNnQ05JbkdVT056ekVzNE9UcTZFMWJSaEl1NFJXTndsTVxudDNrNkRwaC80bld4OG5pdUd4bmdDUmtaOWNydldNZHdaYjBzRnpGRDBvWi9TYnRucDUvcU1DdGxmZ3BzSjNHcFxudmNuVVpXbHRFcEp4cm4vK3YzcUNWU2U0QmxBcVROcnpKMlFmMzQ4U2oxRmpCbWlOdVNIZXNNajNhaWM2VXRjN1xuRTdnVlRoUXpBZ01CQUFFQ2dnRUFCY3N6eDFKNlJkYUVreXl2Y3E4KzdKTGxNTDJyVlF6NHNDeDRWeUJpaThVU1xuS0lDN0tZcVlMd0ExeGJXVC8zalZpQkFCcC8rOUZGb05tSThxUUhPeGUwRlZsOXVRRk9NUFBnakFSR1hxcDVkT1xuRlU0b011YkdzcnFNdHRoU3A2cHBjZFhIT0RQSjJ4RnFtOTJUSUJKREcySU1XdVIxNU5IYkcxbFdBOWw1TU84SVxuTkROL2Q0akFyS2tEZU16b2lOOGJnZG9kK1dvcndHRmVTNUlXZStmVXdPb1U4cUhmVEJmbGNZRkxNc1Nwd0s0cFxubTFCZDJEVWo3Yi9haFpaUzFqOWZ2ZGZIc29xbnk2aUtDN2c4aUt1b1l2eWhwenRSZW9waTg0eDM0Y1VIN1BHVFxueGJ1UGkxakZyaDR1TWtMNGNJNnFieEtxSDRrMzAyNFFkVTErbmpCdEJRS0JnUURiRjEvU3RmcXF4RlkvSFVUNVxuNHA4RndYWW1QbzVCcUdOdlFobFdkY1p5NDhkRlQyUFhwL2JrVHpkb3VSYW1ydnJ5ZWVUTlg5RUUzcDM4ZHhleVxuNXg5ays2TW9uNFFWY3pIT2Z2RVFpeU85SDM2QXZaRVJ0cnBONjY2TDZyV2NhbVRjZGV5SFR5ZEgyM0JaWmVscFxuZncrQUhXNjVEYXhDZGJwaE1pYlJNanZxL1FLQmdRQzN1emZCbGw4NFRYRFFneEVTK09HT1RkVCtmak5vSWx4UlxuWUNyNzhabDVCRFRNWG1sUjE5U3o2QXo1Yy9ueUYrUzc1cGpOb1ltQUV3MTdlQkJPWlRRbnNLcTZiRUJqMEhNWFxuSUVvaU5pbE9mUXBPQ2krVEhRQWxud1R1SG5oa0h2bzBuVFh4QVd3VzVtSTdOUnZOSHpoSUZtd0Q0Y2p0RlBjb1xuZmhOTGQ0QWE3d0tCZ1FDekZRTVZWL3lDRXlRd1NMdDF5Z0NVRXRPQlpVYWdjb1I4ajdub1N6S2YvSUdJck9EK1xuaU9PdE1QY29tWW5qUzBvQ1l4SmJzUU5JQ0xONGh0d1BOdzRaVy9xOG5NNjVQY1NyZG1XVFVUZ3dRWXNFcm03aVxuM01xaUlKQTIrKzNnNGJKNTVjWWx2OVJxenZxaGlFVG5INTNLNmNQMGJUR3R6VTlBWFY4UFJoRmwvUUtCZ1FDS1xucU94bldVajdnTlpIUnVNMzRrUzMxTjJPUTBnZ3F1M3BMQjdFalkwNTI0Yk5SZU5PTlFqOXpYOGRNLzNLUzJZQVxudVFOUkRUeHNQL1RJM2MvUW1taEdHL3A5UHYxSlZ5UEVyRVhHbEFHUWpxV2NSK3VucHhkWlRTMjNWNStjVUJTY1xuYUpreERkVzVZcDEzK1pqRnNXNFVXWGVqWmw3eExnVnB0ZHh4OC9ubVdRS0JnUUM2d3BRbytOR0RNRFV1MDloVFxuenlWVHAzNTZtdkd5RXprK0tpS3U2TXlWYjErZllKcmRxVzRUSGYvTGlpMElvZU9HbHhRdmRQeHMydXdtT2dKNVxuRW41eFlpTHNJeXZhSUg0RnRlWGZYYnU0d25QTzhZYzJuOGQyNlYrUXRhZ2thRnpzM0lOQ3ZGWFBOZkZFZkdaTlxuMFFRZHBKbjIvK290K1BXdkFuNGZ5SzBTVWc9PVxuLS0tLS1FTkQgUFJJVkFURSBLRVktLS0tLVxuIiwKICAiY2xpZW50X2VtYWlsIjogImdjcHRlc3RAcm9vdC13ZWxkZXItMzgzNzE2LmlhbS5nc2VydmljZWFjY291bnQuY29tIiwKICAiY2xpZW50X2lkIjogIjExMzA2MzI4MjI0Mjk5MDMzODg5MSIsCiAgImF1dGhfdXJpIjogImh0dHBzOi8vYWNjb3VudHMuZ29vZ2xlLmNvbS9vL29hdXRoMi9hdXRoIiwKICAidG9rZW5fdXJpIjogImh0dHBzOi8vb2F1dGgyLmdvb2dsZWFwaXMuY29tL3Rva2VuIiwKICAiYXV0aF9wcm92aWRlcl94NTA5X2NlcnRfdXJsIjogImh0dHBzOi8vd3d3Lmdvb2dsZWFwaXMuY29tL29hdXRoMi92MS9jZXJ0cyIsCiAgImNsaWVudF94NTA5X2NlcnRfdXJsIjogImh0dHBzOi8vd3d3Lmdvb2dsZWFwaXMuY29tL3JvYm90L3YxL21ldGFkYXRhL3g1MDkvZ2NwdGVzdCU0MHJvb3Qtd2VsZGVyLTM4MzcxNi5pYW0uZ3NlcnZpY2VhY2NvdW50LmNvbSIsCiAgInVuaXZlcnNlX2RvbWFpbiI6ICJnb29nbGVhcGlzLmNvbSIKfQo=",
            "private_key_type": "TYPE_GOOGLE_CREDENTIALS_FILE",
            "public_key": "LS0tLS1CRUdJTiBDRVJUSUZJQ0FURS0tLS0tCk1JSUMvRENDQWVTZ0F3SUJBZ0lJYk5Dd1h2MlpibEl3RFFZSktvWklodmNOQVFFRkJRQXdJREVlTUJ3R0ExVUUKQXhNVk1URXpNRFl6TWpneU1qUXlPVGt3TXpNNE9Ea3hNQ0FYRFRJek1EY3hOREV3TVRjeE0xb1lEems1T1RreApNak14TWpNMU9UVTVXakFnTVI0d0hBWURWUVFERXhVeE1UTXdOak15T0RJeU5ESTVPVEF6TXpnNE9URXdnZ0VpCk1BMEdDU3FHU0liM0RRRUJBUVVBQTRJQkR3QXdnZ0VLQW9JQkFRQ2RQZTlLVWVmUklvMGFDZXpkckJKT1d1dGoKSVdqYkJxRGlKTWZXbElWQ29tUFZzRmtyejVGdUxxYjJlU1IzWmgwMzd3bk9qSFlNVDhiNEU1OXRMamp3WDY4UwpTZXBRblpTREgzY0grbU1LU1Y5TmY2Zm9zSVA2MU9SUnZZbDlwQVd3dWJuMENWWFpJeFExMkJQTldmaXRnQU9OCmdEOEVVOTAwTHRJamRkYWZSdjAzZ0NOSW5HVU9OenpFczRPVHE2RTFiUmhJdTRSV053bE10M2s2RHBoLzRuV3gKOG5pdUd4bmdDUmtaOWNydldNZHdaYjBzRnpGRDBvWi9TYnRucDUvcU1DdGxmZ3BzSjNHcHZjblVaV2x0RXBKeApybi8rdjNxQ1ZTZTRCbEFxVE5yekoyUWYzNDhTajFGakJtaU51U0hlc01qM2FpYzZVdGM3RTdnVlRoUXpBZ01CCkFBR2pPREEyTUF3R0ExVWRFd0VCL3dRQ01BQXdEZ1lEVlIwUEFRSC9CQVFEQWdlQU1CWUdBMVVkSlFFQi93UU0KTUFvR0NDc0dBUVVGQndNQ01BMEdDU3FHU0liM0RRRUJCUVVBQTRJQkFRQkdCZ2NSU3AvTWFuT3hFdEVxTWNMMApXWE1ZdDBpMExiZHNjVHY5emk1czlmVHFsTW5GZmNxVzBjS3k5MmhUY0lUb0dnRndTZ2R5UzhtMkp1QWpaVVFNCnN0Q1pWM3dtSWlUcmE5S2xhdkNwZTBDVUdwbXhyOC9EeXZiK25BQzJFVW13d3ByQ3o2RmdycjZjaHFwcXI1Q0sKelRJTUtqSjd2bU54M05BU3VOS1ZZODFTZVpJdEFvUTVyZnNxOXlQWkxEZEUyQkdPVWhhTGswbkFvcE9YUDR4bApQQ2piUk5xUUxZcm11VE91UDlnOW9Nei9pcmlHN29GODlDZ2tzSWw0TWlOblFpcE9KNVMxcnJ6OXQzOTlsckFICmk2SityWmNCWlFXTEdqSWJuVTN1NnBESjhjWURrSW5zbVppTDJkOFdVT0NMVWpGTUJTNG1uNzVMYnZQenB2R0UKLS0tLS1FTkQgQ0VSVElGSUNBVEUtLS0tLQo=",
            "public_key_data": null,
            "public_key_type": "TYPE_X509_PEM_FILE",
            "service_account_id": "projects/root-welder-383716/serviceAccounts/gcptest@root-welder-383716.iam.gserviceaccount.com",
            "valid_after": "2023-07-14T10:17:13Z",
            "valid_before": "9999-12-31T23:59:59Z"
          },
          "sensitive_attributes": [],
          "private": "bnVsbA==",
          "dependencies": [
            "google_service_account.gcptest"
          ]
        }
      ]
    },
    {
      "mode": "managed",
      "type": "google_sql_database",
      "name": "mysqldb",
      "provider": "provider[\"registry.terraform.io/hashicorp/google\"]",
      "instances": [
        {
          "schema_version": 0,
          "attributes": {
            "charset": "utf8mb4",
            "collation": "utf8mb4_0900_ai_ci",
            "deletion_policy": "DELETE",
            "id": "projects/root-welder-383716/instances/my-database-instance/databases/my-database",
            "instance": "my-database-instance",
            "name": "my-database",
            "project": "root-welder-383716",
            "self_link": "https://sqladmin.googleapis.com/sql/v1beta4/projects/root-welder-383716/instances/my-database-instance/databases/my-database",
            "timeouts": null
          },
          "sensitive_attributes": [],
          "private": "eyJlMmJmYjczMC1lY2FhLTExZTYtOGY4OC0zNDM2M2JjN2M0YzAiOnsiY3JlYXRlIjoxMjAwMDAwMDAwMDAwLCJkZWxldGUiOjEyMDAwMDAwMDAwMDAsInVwZGF0ZSI6MTIwMDAwMDAwMDAwMH19",
          "dependencies": [
            "google_sql_database_instance.db_instance"
          ]
        }
      ]
    },
    {
      "mode": "managed",
      "type": "google_sql_database_instance",
      "name": "db_instance",
      "provider": "provider[\"registry.terraform.io/hashicorp/google\"]",
      "instances": [
        {
          "schema_version": 0,
          "attributes": {
            "available_maintenance_versions": [],
            "clone": [],
            "connection_name": "root-welder-383716:us-east1:my-database-instance",
            "database_version": "MYSQL_8_0",
            "deletion_protection": false,
            "encryption_key_name": null,
            "first_ip_address": "34.148.60.241",
            "id": "my-database-instance",
            "instance_type": "CLOUD_SQL_INSTANCE",
            "ip_address": [
              {
                "ip_address": "34.148.60.241",
                "time_to_retire": "",
                "type": "PRIMARY"
              }
            ],
            "maintenance_version": "MYSQL_8_0_31.R20230624.00_00",
            "master_instance_name": "",
            "name": "my-database-instance",
            "private_ip_address": "",
            "project": "root-welder-383716",
            "public_ip_address": "34.148.60.241",
            "region": "us-east1",
            "replica_configuration": [],
            "restore_backup_context": [],
            "root_password": null,
            "self_link": "https://sqladmin.googleapis.com/sql/v1beta4/projects/root-welder-383716/instances/my-database-instance",
            "server_ca_cert": [
              {
                "cert": "-----BEGIN CERTIFICATE-----\nMIIDfzCCAmegAwIBAgIBADANBgkqhkiG9w0BAQsFADB3MS0wKwYDVQQuEyQ4ZTk3\nZWQyMi05YWM5LTRkZWQtYmY1ZS0wYWIxYzJkZDQ3M2YxIzAhBgNVBAMTGkdvb2ds\nZSBDbG91ZCBTUUwgU2VydmVyIENBMRQwEgYDVQQKEwtHb29nbGUsIEluYzELMAkG\nA1UEBhMCVVMwHhcNMjMwNzE0MTAxNzIyWhcNMzMwNzExMTAxODIyWjB3MS0wKwYD\nVQQuEyQ4ZTk3ZWQyMi05YWM5LTRkZWQtYmY1ZS0wYWIxYzJkZDQ3M2YxIzAhBgNV\nBAMTGkdvb2dsZSBDbG91ZCBTUUwgU2VydmVyIENBMRQwEgYDVQQKEwtHb29nbGUs\nIEluYzELMAkGA1UEBhMCVVMwggEiMA0GCSqGSIb3DQEBAQUAA4IBDwAwggEKAoIB\nAQCUmvcAG80WhV+BUgvdbISA4NIuwjX8jsyyEW3xWD3P/1QJMTScRTW+1jVsnVmU\n7xZDkE8prgaMbANNxaMdAOH8chI5JfmExbhf8CGvxf2m4Ata6PzVR/irew4+bV+O\nICj/2sJ5rLlI267sqgunAroznzesF9e61Jp8x9txRZnZLl12xSA0jf3jy4pBZYpH\nrhgo8dwQTzAByt1+20/zUjRV5TYuUc+LoL9bwnJQhFuGw2n5zITvdLqj0mjocJe+\nCbxc0/Nrj2OPFiTKZKaVUoPXH9MzHz0l7n2OAZ6cEFboY2o4vxqzqhhWBvyFCUcd\nNfzQ+Od/BDwU20z0/msZgTm5AgMBAAGjFjAUMBIGA1UdEwEB/wQIMAYBAf8CAQAw\nDQYJKoZIhvcNAQELBQADggEBACW4txWj6D8GvdqIiKo0tETM7Yr6tiGScnbbSXve\nQ42YBFKOdkSU2azmELdQ6bvC7Pj65KiCQMVKs6Zaydrwxe3TNhD/yPYrz8JL4/WZ\nMa5EC1Z7jWYpPSX058wa0rhiIB9W7pNOlmyOUFeElh03dsVYr4ao+ftaTx8MVFTI\nEvUh+cD5jFbO9vAQ0UDTeqCObwSYybxAwGYCjT4Om39Ty7EomqzmBs7MlRwgqppZ\ndpWc1yL3jzbVY3EW5QZ4J4+k3OajbKzX4uztLeNB7MPbpRkaVFDQ4D/nLK9Ddmte\nlMKUJCr4LHY0MiU4mjRS2/kjC2uXTWE4LExAWZc3XHEQVZk=\n-----END CERTIFICATE-----",
                "common_name": "C=US,O=Google\\, Inc,CN=Google Cloud SQL Server CA,dnQualifier=8e97ed22-9ac9-4ded-bf5e-0ab1c2dd473f",
                "create_time": "2023-07-14T10:17:22.004Z",
                "expiration_time": "2033-07-11T10:18:22.004Z",
                "sha1_fingerprint": "933bb31f549e02d3b613e8a3795ee11f5e15ae84"
              }
            ],
            "service_account_email_address": "p354046796115-6szmos@gcp-sa-cloud-sql.iam.gserviceaccount.com",
            "settings": [
              {
                "activation_policy": "ALWAYS",
                "active_directory_config": [],
                "advanced_machine_features": [],
                "availability_type": "ZONAL",
                "backup_configuration": [
                  {
                    "backup_retention_settings": [
                      {
                        "retained_backups": 7,
                        "retention_unit": "COUNT"
                      }
                    ],
                    "binary_log_enabled": false,
                    "enabled": false,
                    "location": "",
                    "point_in_time_recovery_enabled": false,
                    "start_time": "07:00",
                    "transaction_log_retention_days": 7
                  }
                ],
                "collation": "",
                "connector_enforcement": "NOT_REQUIRED",
                "database_flags": [],
                "deletion_protection_enabled": false,
                "deny_maintenance_period": [],
                "disk_autoresize": true,
                "disk_autoresize_limit": 0,
                "disk_size": 10,
                "disk_type": "PD_SSD",
                "insights_config": [],
                "ip_configuration": [
                  {
                    "allocated_ip_range": "",
                    "authorized_networks": [],
                    "enable_private_path_for_google_cloud_services": false,
                    "ipv4_enabled": true,
                    "private_network": "",
                    "require_ssl": false
                  }
                ],
                "location_preference": [
                  {
                    "follow_gae_application": "",
                    "secondary_zone": "",
                    "zone": "us-east1-d"
                  }
                ],
                "maintenance_window": [],
                "password_validation_policy": [],
                "pricing_plan": "PER_USE",
                "sql_server_audit_config": [],
                "tier": "db-f1-micro",
                "time_zone": "",
                "user_labels": {},
                "version": 1
              }
            ],
            "timeouts": null
          },
          "sensitive_attributes": [],
          "private": "eyJlMmJmYjczMC1lY2FhLTExZTYtOGY4OC0zNDM2M2JjN2M0YzAiOnsiY3JlYXRlIjoyNDAwMDAwMDAwMDAwLCJkZWxldGUiOjE4MDAwMDAwMDAwMDAsInVwZGF0ZSI6MTgwMDAwMDAwMDAwMH19"
        }
      ]
    }
  ],
  "check_results": null
}
