{
  "version": 4,
  "terraform_version": "1.5.3",
  "serial": 15,
  "lineage": "019de41a-ddef-70f8-d839-73da51faff54",
  "outputs": {
    "subnet-self_link": {
      "value": "https://www.googleapis.com/compute/v1/projects/indigo-altar-345111/regions/us-east1/subnetworks/test-subnetwork",
      "type": "string"
    },
    "vpc-name": {
      "value": "project-vpc",
      "type": "string"
    }
  },
  "resources": [
    {
      "mode": "managed",
      "type": "google_compute_firewall",
      "name": "project_firewall",
      "provider": "provider[\"registry.terraform.io/hashicorp/google\"]",
      "instances": [
        {
          "schema_version": 1,
          "attributes": {
            "allow": [
              {
                "ports": [
                  "80",
                  "8080",
                  "1000-2000"
                ],
                "protocol": "tcp"
              }
            ],
            "creation_timestamp": "2023-07-28T21:42:17.962-07:00",
            "deny": [],
            "description": "",
            "destination_ranges": [],
            "direction": "INGRESS",
            "disabled": false,
            "enable_logging": null,
            "id": "projects/indigo-altar-345111/global/firewalls/project-firewall",
            "log_config": [],
            "name": "project-firewall",
            "network": "https://www.googleapis.com/compute/v1/projects/indigo-altar-345111/global/networks/project-vpc",
            "priority": 1000,
            "project": "indigo-altar-345111",
            "self_link": "https://www.googleapis.com/compute/v1/projects/indigo-altar-345111/global/firewalls/project-firewall",
            "source_ranges": null,
            "source_service_accounts": null,
            "source_tags": [
              "web"
            ],
            "target_service_accounts": null,
            "target_tags": null,
            "timeouts": null
          },
          "sensitive_attributes": [],
          "private": "eyJlMmJmYjczMC1lY2FhLTExZTYtOGY4OC0zNDM2M2JjN2M0YzAiOnsiY3JlYXRlIjoxMjAwMDAwMDAwMDAwLCJkZWxldGUiOjEyMDAwMDAwMDAwMDAsInVwZGF0ZSI6MTIwMDAwMDAwMDAwMH0sInNjaGVtYV92ZXJzaW9uIjoiMSJ9",
          "dependencies": [
            "google_compute_network.project_vpc"
          ]
        }
      ]
    },
    {
      "mode": "managed",
      "type": "google_compute_network",
      "name": "project_vpc",
      "provider": "provider[\"registry.terraform.io/hashicorp/google\"]",
      "instances": [
        {
          "schema_version": 0,
          "attributes": {
            "auto_create_subnetworks": false,
            "delete_default_routes_on_create": false,
            "description": "",
            "enable_ula_internal_ipv6": false,
            "gateway_ipv4": "",
            "id": "projects/indigo-altar-345111/global/networks/project-vpc",
            "internal_ipv6_range": "",
            "mtu": 0,
            "name": "project-vpc",
            "network_firewall_policy_enforcement_order": "AFTER_CLASSIC_FIREWALL",
            "project": "indigo-altar-345111",
            "routing_mode": "REGIONAL",
            "self_link": "https://www.googleapis.com/compute/v1/projects/indigo-altar-345111/global/networks/project-vpc",
            "timeouts": null
          },
          "sensitive_attributes": [],
          "private": "eyJlMmJmYjczMC1lY2FhLTExZTYtOGY4OC0zNDM2M2JjN2M0YzAiOnsiY3JlYXRlIjoxMjAwMDAwMDAwMDAwLCJkZWxldGUiOjEyMDAwMDAwMDAwMDAsInVwZGF0ZSI6MTIwMDAwMDAwMDAwMH19"
        }
      ]
    },
    {
      "mode": "managed",
      "type": "google_compute_subnetwork",
      "name": "project_subnet",
      "provider": "provider[\"registry.terraform.io/hashicorp/google\"]",
      "instances": [
        {
          "schema_version": 0,
          "attributes": {
            "creation_timestamp": "2023-07-28T21:41:11.735-07:00",
            "description": "",
            "external_ipv6_prefix": "",
            "fingerprint": null,
            "gateway_address": "10.2.2.1",
            "id": "projects/indigo-altar-345111/regions/us-east1/subnetworks/test-subnetwork",
            "ip_cidr_range": "10.2.2.0/24",
            "ipv6_access_type": "",
            "ipv6_cidr_range": "",
            "log_config": [],
            "name": "test-subnetwork",
            "network": "https://www.googleapis.com/compute/v1/projects/indigo-altar-345111/global/networks/project-vpc",
            "private_ip_google_access": false,
            "private_ipv6_google_access": "DISABLE_GOOGLE_ACCESS",
            "project": "indigo-altar-345111",
            "purpose": "PRIVATE",
            "region": "us-east1",
            "role": "",
            "secondary_ip_range": [],
            "self_link": "https://www.googleapis.com/compute/v1/projects/indigo-altar-345111/regions/us-east1/subnetworks/test-subnetwork",
            "stack_type": "IPV4_ONLY",
            "timeouts": null
          },
          "sensitive_attributes": [],
          "private": "eyJlMmJmYjczMC1lY2FhLTExZTYtOGY4OC0zNDM2M2JjN2M0YzAiOnsiY3JlYXRlIjoxMjAwMDAwMDAwMDAwLCJkZWxldGUiOjEyMDAwMDAwMDAwMDAsInVwZGF0ZSI6MTIwMDAwMDAwMDAwMH19",
          "dependencies": [
            "google_compute_network.project_vpc"
          ]
        }
      ]
    }
  ],
  "check_results": null
}
