{
  "version": 4,
  "terraform_version": "1.5.3",
  "serial": 104,
  "lineage": "373b189a-0e96-4bdf-5718-38fa39b34b8f",
  "outputs": {},
  "resources": [
    {
      "module": "module.kubernetes",
      "mode": "data",
      "type": "google_client_config",
      "name": "default",
      "provider": "module.kubernetes.provider[\"registry.terraform.io/hashicorp/google\"]",
      "instances": [
        {
          "schema_version": 0,
          "attributes": {
            "access_token": "ya29.a0AfB_byCVrAH1FPQbKpTuE8a4ToflLqeFYH3IqsP8G4xzZWC3UiwdBr66w7N2viYAOF3i6uQZzpLs7Near1qa77eoNw6y4gaW7EvhS-VWJad7yNmf_5uggXeeR23iWxsBn_284EEYS7CZk5fbMA7gc0mnz6UVd9AzNEahyk1n7AaCgYKAa8SARASFQHsvYlsHrXv4sb1-ZW5yfwy3IEYOA0177",
            "id": "projects/\"indigo-altar-345111\"/regions/\"us-east1\"/zones/\"us-east1-d\"",
            "project": "indigo-altar-345111",
            "region": "us-east1",
            "zone": "us-east1-d"
          },
          "sensitive_attributes": []
        }
      ]
    },
    {
      "module": "module.kubernetes",
      "mode": "managed",
      "type": "google_container_cluster",
      "name": "my_cluster",
      "provider": "module.kubernetes.provider[\"registry.terraform.io/hashicorp/google\"]",
      "instances": [
        {
          "schema_version": 1,
          "attributes": {
            "addons_config": [
              {
                "cloudrun_config": [],
                "config_connector_config": [],
                "dns_cache_config": [],
                "gce_persistent_disk_csi_driver_config": [
                  {
                    "enabled": true
                  }
                ],
                "gcp_filestore_csi_driver_config": [],
                "gcs_fuse_csi_driver_config": [],
                "gke_backup_agent_config": [],
                "horizontal_pod_autoscaling": [],
                "http_load_balancing": [],
                "network_policy_config": [
                  {
                    "disabled": true
                  }
                ]
              }
            ],
            "allow_net_admin": null,
            "authenticator_groups_config": [],
            "binary_authorization": [
              {
                "enabled": false,
                "evaluation_mode": ""
              }
            ],
            "cluster_autoscaling": [
              {
                "auto_provisioning_defaults": [],
                "enabled": false,
                "resource_limits": []
              }
            ],
            "cluster_ipv4_cidr": "10.172.0.0/14",
            "confidential_nodes": [],
            "cost_management_config": [],
            "database_encryption": [
              {
                "key_name": "",
                "state": "DECRYPTED"
              }
            ],
            "datapath_provider": "",
            "default_max_pods_per_node": null,
            "default_snat_status": [
              {
                "disabled": false
              }
            ],
            "description": "",
            "dns_config": [],
            "enable_autopilot": false,
            "enable_binary_authorization": false,
            "enable_intranode_visibility": false,
            "enable_k8s_beta_apis": [],
            "enable_kubernetes_alpha": false,
            "enable_l4_ilb_subsetting": false,
            "enable_legacy_abac": false,
            "enable_shielded_nodes": true,
            "enable_tpu": false,
            "endpoint": "34.132.113.125",
            "gateway_api_config": [],
            "id": "projects/indigo-altar-345111/locations/us-central1-a/clusters/my-gke-cluster",
            "initial_node_count": 1,
            "ip_allocation_policy": [],
            "label_fingerprint": "a9dc16a7",
            "location": "us-central1-a",
            "logging_config": [
              {
                "enable_components": [
                  "SYSTEM_COMPONENTS",
                  "WORKLOADS"
                ]
              }
            ],
            "logging_service": "logging.googleapis.com/kubernetes",
            "maintenance_policy": [],
            "master_auth": [
              {
                "client_certificate": "",
                "client_certificate_config": [
                  {
                    "issue_client_certificate": false
                  }
                ],
                "client_key": "",
                "cluster_ca_certificate": "LS0tLS1CRUdJTiBDRVJUSUZJQ0FURS0tLS0tCk1JSUVMRENDQXBTZ0F3SUJBZ0lRYUQxU0FScHE4eG1MSE45VWx5bitSekFOQmdrcWhraUc5dzBCQVFzRkFEQXYKTVMwd0t3WURWUVFERXlSa09HSmtaR05qWmkxak1qQTNMVFJqWXpBdFlqVm1OeTFqTVRjMk1UVTBaRFpsWkRFdwpJQmNOTWpNd09ERTNNRFF3TURVeVdoZ1BNakExTXpBNE1Ea3dOVEF3TlRKYU1DOHhMVEFyQmdOVkJBTVRKR1E0ClltUmtZMk5tTFdNeU1EY3ROR05qTUMxaU5XWTNMV014TnpZeE5UUmtObVZrTVRDQ0FhSXdEUVlKS29aSWh2Y04KQVFFQkJRQURnZ0dQQURDQ0FZb0NnZ0dCQU52a0NzVkdpQ3ZVOUFQK01LcDdnN0tNc0xad3ljWTBWck5qS3pLSwpvaTVTTUViTGNLSnlOczNTQTR3MS9qbnVxUm14Z0RDUG4rcUl0YjdPcVVpYVo4OUx4QjRqcVB3ZlQya3BKVlNZCmFxamRrdkVQZzJiSURDOGRDbWwyME0yRFdJOHd0bkgyeG9KaVczQ0Y5QkU5ZWx1V0VuWG5xQ09DLzl5NFhsWFMKTnF5RkRkaU1hLzJqTS84QzhQUEhLOE5KcnJQZ0MwN2lZWDBISjJHdnphQ0I2djFlRzZ2VGRYZ3ppazViTEdscgpleFFLZCtTM092NFBWQk9oK2ROdWtJemdKL1VvZlVCeCtRUy9zVHB6RzZaczF6U0Z3SEtpejYzeC8xS0plUFdUCjM2eEQ5MUpuZ0JjdFBVRmUvNkIvek1DbUNFdmJ1cFdSTkNTWWZ2UXIyOEFtUGhoNDNEODBGb1hSdlV4R0owTFcKZURKbmVzdTlYQWNLYXRZNEhMR1VlemhhdE4wWlBuK01vNFprNVlvWGttUVhMams2V0owb0RoQUhXQi9VS0tBWApuSXdWR3c5MHFKMDVNZlcwZS9sUnkrZFpGS0hQR1p3YWkweGM4S00yb1cyZXY2S2Q0TjIrbWRrb2hRUFlrdXBHCitHSWVKK1BRU2ZTZWhnWTZZallkaVlvYy9RSURBUUFCbzBJd1FEQU9CZ05WSFE4QkFmOEVCQU1DQWdRd0R3WUQKVlIwVEFRSC9CQVV3QXdFQi96QWRCZ05WSFE0RUZnUVV2bUtEa2JBQzFLQm9JVGpnTWQ3NXNxT2lKbGt3RFFZSgpLb1pJaHZjTkFRRUxCUUFEZ2dHQkFLajJIRk1ueS9MWDFSZnRodCt2c0E3cVVvZ1FrUnhVRDZZQU9jT01ZTkMrCjJuK1UxTlBwV0gvNXI5WjY4dWJLanhoNkZiLzNYSE1NVTRrQ2NQOURkSGFESXRWNFhxVnpvbnpYeGZaeG1XMEUKQ2RkRmpCYnhYcGRzMy9hZE1lazdhRmxBT1Rla0dkd1lDK1Q1RUEzc1VKT0ErUzVHQVc0eVVvc05Pa3BGNlVZcgpLdnBxMUhWckV1Wm8wTklwcXp6N0ZGcTFDd1hLeE5wN2xTNEdxRlljNXZOWXpWcWpCODh0T04rM0t2QnU0ZnQ3CkNGNUxqK05zVmp6QVc3dHhzemNTZ29yMm81WDZJbDNON2Q5KzNnTVU2OWZ2WS83VERNbGhOSDdTaTV3WTE5elUKdTJSV09GNnFkc1A4eHBPTmNyUjdMNGNlcFYzYXdBMnpVeEZVd3VaVkRLOXpFTmN4VndWQXZsR0h0Y00rNE53KwpRTDVIbVplSUdqWjdlQjBVS1lOTGpyRXNWSXh6bWJoNkI2VUVGVUxIRzIwQVBiMXorcjlpbTUvVytPUStTSGROCjJiWHVkVHZCb09XenJ2cWFZNTJGU1dpeGhxUHpxRWp5a1dha0dtMlNVNWhsMS9RYXpjZlFWZCt3c0xwZm5SRlIKc1E0SE1CR3Q3ZXBKWm1LdUc1Tk1aQT09Ci0tLS0tRU5EIENFUlRJRklDQVRFLS0tLS0K"
              }
            ],
            "master_authorized_networks_config": [],
            "master_version": "1.27.3-gke.100",
            "mesh_certificates": [],
            "min_master_version": null,
            "monitoring_config": [
              {
                "advanced_datapath_observability_config": [
                  {
                    "enable_metrics": false,
                    "relay_mode": "DISABLED"
                  }
                ],
                "enable_components": [
                  "SYSTEM_COMPONENTS"
                ],
                "managed_prometheus": [
                  {
                    "enabled": true
                  }
                ]
              }
            ],
            "monitoring_service": "monitoring.googleapis.com/kubernetes",
            "name": "my-gke-cluster",
            "network": "projects/indigo-altar-345111/global/networks/vpc",
            "network_policy": [
              {
                "enabled": false,
                "provider": "PROVIDER_UNSPECIFIED"
              }
            ],
            "networking_mode": "ROUTES",
            "node_config": [
              {
                "advanced_machine_features": [],
                "boot_disk_kms_key": "",
                "disk_size_gb": 100,
                "disk_type": "pd-balanced",
                "ephemeral_storage_local_ssd_config": [],
                "gcfs_config": [],
                "guest_accelerator": [],
                "gvnic": [],
                "host_maintenance_policy": [],
                "image_type": "COS_CONTAINERD",
                "kubelet_config": [],
                "labels": {},
                "linux_node_config": [],
                "local_nvme_ssd_block_config": [],
                "local_ssd_count": 0,
                "logging_variant": "DEFAULT",
                "machine_type": "e2-medium",
                "metadata": {
                  "disable-legacy-endpoints": "true"
                },
                "min_cpu_platform": "",
                "node_group": "",
                "oauth_scopes": [
                  "https://www.googleapis.com/auth/devstorage.read_only",
                  "https://www.googleapis.com/auth/logging.write",
                  "https://www.googleapis.com/auth/monitoring",
                  "https://www.googleapis.com/auth/service.management.readonly",
                  "https://www.googleapis.com/auth/servicecontrol",
                  "https://www.googleapis.com/auth/trace.append"
                ],
                "preemptible": true,
                "reservation_affinity": [],
                "resource_labels": {},
                "service_account": "default",
                "shielded_instance_config": [
                  {
                    "enable_integrity_monitoring": true,
                    "enable_secure_boot": false
                  }
                ],
                "sole_tenant_config": [],
                "spot": false,
                "tags": [],
                "taint": [],
                "workload_metadata_config": []
              }
            ],
            "node_locations": [],
            "node_pool": [
              {
                "autoscaling": [],
                "initial_node_count": 1,
                "instance_group_urls": [
                  "https://www.googleapis.com/compute/v1/projects/indigo-altar-345111/zones/us-central1-a/instanceGroupManagers/gke-my-gke-cluster-my-node-pool-68350911-grp"
                ],
                "managed_instance_group_urls": [
                  "https://www.googleapis.com/compute/v1/projects/indigo-altar-345111/zones/us-central1-a/instanceGroups/gke-my-gke-cluster-my-node-pool-68350911-grp"
                ],
                "management": [
                  {
                    "auto_repair": true,
                    "auto_upgrade": true
                  }
                ],
                "max_pods_per_node": 0,
                "name": "my-node-pool",
                "name_prefix": "",
                "network_config": [
                  {
                    "create_pod_range": false,
                    "enable_private_nodes": false,
                    "pod_cidr_overprovision_config": [],
                    "pod_ipv4_cidr_block": "",
                    "pod_range": ""
                  }
                ],
                "node_config": [
                  {
                    "advanced_machine_features": [],
                    "boot_disk_kms_key": "",
                    "disk_size_gb": 100,
                    "disk_type": "pd-balanced",
                    "ephemeral_storage_local_ssd_config": [],
                    "gcfs_config": [],
                    "guest_accelerator": [],
                    "gvnic": [],
                    "host_maintenance_policy": [],
                    "image_type": "COS_CONTAINERD",
                    "kubelet_config": [],
                    "labels": {},
                    "linux_node_config": [],
                    "local_nvme_ssd_block_config": [],
                    "local_ssd_count": 0,
                    "logging_variant": "DEFAULT",
                    "machine_type": "e2-medium",
                    "metadata": {
                      "disable-legacy-endpoints": "true"
                    },
                    "min_cpu_platform": "",
                    "node_group": "",
                    "oauth_scopes": [
                      "https://www.googleapis.com/auth/devstorage.read_only",
                      "https://www.googleapis.com/auth/logging.write",
                      "https://www.googleapis.com/auth/monitoring",
                      "https://www.googleapis.com/auth/service.management.readonly",
                      "https://www.googleapis.com/auth/servicecontrol",
                      "https://www.googleapis.com/auth/trace.append"
                    ],
                    "preemptible": true,
                    "reservation_affinity": [],
                    "resource_labels": {},
                    "service_account": "default",
                    "shielded_instance_config": [
                      {
                        "enable_integrity_monitoring": true,
                        "enable_secure_boot": false
                      }
                    ],
                    "sole_tenant_config": [],
                    "spot": false,
                    "tags": [],
                    "taint": [],
                    "workload_metadata_config": []
                  }
                ],
                "node_count": 1,
                "node_locations": [
                  "us-central1-a"
                ],
                "placement_policy": [],
                "upgrade_settings": [
                  {
                    "blue_green_settings": [],
                    "max_surge": 1,
                    "max_unavailable": 0,
                    "strategy": "SURGE"
                  }
                ],
                "version": "1.27.3-gke.100"
              }
            ],
            "node_pool_defaults": [
              {
                "node_config_defaults": [
                  {
                    "logging_variant": "DEFAULT"
                  }
                ]
              }
            ],
            "node_version": "1.27.3-gke.100",
            "notification_config": [
              {
                "pubsub": [
                  {
                    "enabled": false,
                    "filter": [],
                    "topic": ""
                  }
                ]
              }
            ],
            "operation": null,
            "private_cluster_config": [
              {
                "enable_private_endpoint": false,
                "enable_private_nodes": false,
                "master_global_access_config": [
                  {
                    "enabled": false
                  }
                ],
                "master_ipv4_cidr_block": "",
                "peering_name": "",
                "private_endpoint": "10.51.16.2",
                "private_endpoint_subnetwork": "",
                "public_endpoint": "34.132.113.125"
              }
            ],
            "private_ipv6_google_access": "",
            "project": "indigo-altar-345111",
            "release_channel": [
              {
                "channel": "REGULAR"
              }
            ],
            "remove_default_node_pool": true,
            "resource_labels": {},
            "resource_usage_export_config": [],
            "security_posture_config": [
              {
                "mode": "MODE_UNSPECIFIED",
                "vulnerability_mode": "VULNERABILITY_MODE_UNSPECIFIED"
              }
            ],
            "self_link": "https://container.googleapis.com/v1/projects/indigo-altar-345111/zones/us-central1-a/clusters/my-gke-cluster",
            "service_external_ips_config": [
              {
                "enabled": false
              }
            ],
            "services_ipv4_cidr": "10.175.240.0/20",
            "subnetwork": "projects/indigo-altar-345111/regions/us-central1/subnetworks/subnetwork",
            "timeouts": null,
            "tpu_ipv4_cidr_block": "",
            "vertical_pod_autoscaling": [],
            "workload_identity_config": []
          },
          "sensitive_attributes": [],
          "private": "eyJlMmJmYjczMC1lY2FhLTExZTYtOGY4OC0zNDM2M2JjN2M0YzAiOnsiY3JlYXRlIjoyNDAwMDAwMDAwMDAwLCJkZWxldGUiOjI0MDAwMDAwMDAwMDAsInJlYWQiOjI0MDAwMDAwMDAwMDAsInVwZGF0ZSI6MzYwMDAwMDAwMDAwMH0sInNjaGVtYV92ZXJzaW9uIjoiMSJ9",
          "dependencies": [
            "module.network.google_compute_network.custom_vpc",
            "module.network.google_compute_subnetwork.private_subnet"
          ]
        }
      ]
    },
    {
      "module": "module.kubernetes",
      "mode": "managed",
      "type": "kubernetes_namespace",
      "name": "test",
      "provider": "module.kubernetes.provider[\"registry.terraform.io/hashicorp/kubernetes\"]",
      "instances": [
        {
          "schema_version": 0,
          "attributes": {
            "id": "nginx",
            "metadata": [
              {
                "annotations": {},
                "generate_name": "",
                "generation": 0,
                "labels": {},
                "name": "nginx",
                "resource_version": "3473",
                "uid": "72d5ac80-2aec-49e5-84ee-7bb596c9dfcb"
              }
            ],
            "timeouts": {
              "delete": "15m"
            },
            "wait_for_default_service_account": false
          },
          "sensitive_attributes": [],
          "private": "eyJlMmJmYjczMC1lY2FhLTExZTYtOGY4OC0zNDM2M2JjN2M0YzAiOnsiZGVsZXRlIjo5MDAwMDAwMDAwMDB9fQ==",
          "dependencies": [
            "module.kubernetes.data.google_client_config.default",
            "module.kubernetes.google_container_cluster.my_cluster",
            "module.network.google_compute_network.custom_vpc",
            "module.network.google_compute_subnetwork.private_subnet"
          ]
        }
      ]
    },
    {
      "module": "module.network",
      "mode": "managed",
      "type": "google_compute_network",
      "name": "custom_vpc",
      "provider": "provider[\"registry.terraform.io/hashicorp/google\"]",
      "instances": [
        {
          "schema_version": 0,
          "attributes": {
            "auto_create_subnetworks": false,
            "delete_default_routes_on_create": false,
            "description": "",
            "enable_ula_internal_ipv6": false,
            "gateway_ipv4": "",
            "id": "projects/indigo-altar-345111/global/networks/vpc",
            "internal_ipv6_range": "",
            "mtu": 0,
            "name": "vpc",
            "network_firewall_policy_enforcement_order": "AFTER_CLASSIC_FIREWALL",
            "project": "indigo-altar-345111",
            "routing_mode": "REGIONAL",
            "self_link": "https://www.googleapis.com/compute/v1/projects/indigo-altar-345111/global/networks/vpc",
            "timeouts": null
          },
          "sensitive_attributes": [],
          "private": "eyJlMmJmYjczMC1lY2FhLTExZTYtOGY4OC0zNDM2M2JjN2M0YzAiOnsiY3JlYXRlIjoxMjAwMDAwMDAwMDAwLCJkZWxldGUiOjEyMDAwMDAwMDAwMDAsInVwZGF0ZSI6MTIwMDAwMDAwMDAwMH19"
        }
      ]
    },
    {
      "module": "module.network",
      "mode": "managed",
      "type": "google_compute_subnetwork",
      "name": "private_subnet",
      "provider": "provider[\"registry.terraform.io/hashicorp/google\"]",
      "instances": [
        {
          "schema_version": 0,
          "attributes": {
            "creation_timestamp": "2023-08-16T22:00:35.081-07:00",
            "description": "",
            "external_ipv6_prefix": "",
            "fingerprint": null,
            "gateway_address": "10.51.16.1",
            "id": "projects/indigo-altar-345111/regions/us-central1/subnetworks/subnetwork",
            "ip_cidr_range": "10.51.16.0/20",
            "ipv6_access_type": "",
            "ipv6_cidr_range": "",
            "log_config": [
              {
                "aggregation_interval": "INTERVAL_10_MIN",
                "filter_expr": "true",
                "flow_sampling": 0.5,
                "metadata": "INCLUDE_ALL_METADATA",
                "metadata_fields": []
              }
            ],
            "name": "subnetwork",
            "network": "https://www.googleapis.com/compute/v1/projects/indigo-altar-345111/global/networks/vpc",
            "private_ip_google_access": true,
            "private_ipv6_google_access": "DISABLE_GOOGLE_ACCESS",
            "project": "indigo-altar-345111",
            "purpose": "PRIVATE",
            "region": "us-central1",
            "role": "",
            "secondary_ip_range": [],
            "self_link": "https://www.googleapis.com/compute/v1/projects/indigo-altar-345111/regions/us-central1/subnetworks/subnetwork",
            "stack_type": "IPV4_ONLY",
            "timeouts": null
          },
          "sensitive_attributes": [],
          "private": "eyJlMmJmYjczMC1lY2FhLTExZTYtOGY4OC0zNDM2M2JjN2M0YzAiOnsiY3JlYXRlIjoxMjAwMDAwMDAwMDAwLCJkZWxldGUiOjEyMDAwMDAwMDAwMDAsInVwZGF0ZSI6MTIwMDAwMDAwMDAwMH19",
          "dependencies": [
            "module.network.google_compute_network.custom_vpc"
          ]
        }
      ]
    }
  ],
  "check_results": null
}
