{
  "version": 4,
  "terraform_version": "1.5.3",
  "serial": 81,
  "lineage": "373b189a-0e96-4bdf-5718-38fa39b34b8f",
  "outputs": {},
  "resources": [
    {
      "module": "module.kubernetes",
      "mode": "data",
      "type": "google_client_config",
      "name": "default",
      "provider": "module.kubernetes.provider[\"registry.terraform.io/hashicorp/google\"]",
      "instances": [
        {
          "schema_version": 0,
          "attributes": {
            "access_token": "ya29.a0AfB_byCWbu9UNeJuTH6ZVMloM3gD85qPIZqDvq7YhpWWNsyRr91wuRmqR96bMJL0AtM20LrspCwWYSDPqbmeDx84qQ8K9tJ_hE8CCoJfQFL68VHjFodJ2Cm8_TzQe-yDSrS3_MXDw77hP-nUwQfVvSchPa0SpUF1eIWIWa837gaCgYKAVsSARASFQHsvYlsDLdSd-daNlF5k16j_CySFA0177",
            "id": "projects/\"indigo-altar-345111\"/regions/\"us-east1\"/zones/\"us-east1-d\"",
            "project": "indigo-altar-345111",
            "region": "us-east1",
            "zone": "us-east1-d"
          },
          "sensitive_attributes": []
        }
      ]
    },
    {
      "module": "module.kubernetes",
      "mode": "managed",
      "type": "google_container_cluster",
      "name": "my_cluster",
      "provider": "module.kubernetes.provider[\"registry.terraform.io/hashicorp/google\"]",
      "instances": [
        {
          "schema_version": 1,
          "attributes": {
            "addons_config": [
              {
                "cloudrun_config": [],
                "config_connector_config": [],
                "dns_cache_config": [],
                "gce_persistent_disk_csi_driver_config": [
                  {
                    "enabled": true
                  }
                ],
                "gcp_filestore_csi_driver_config": [],
                "gcs_fuse_csi_driver_config": [],
                "gke_backup_agent_config": [],
                "horizontal_pod_autoscaling": [],
                "http_load_balancing": [],
                "network_policy_config": [
                  {
                    "disabled": true
                  }
                ]
              }
            ],
            "allow_net_admin": null,
            "authenticator_groups_config": [],
            "binary_authorization": [
              {
                "enabled": false,
                "evaluation_mode": ""
              }
            ],
            "cluster_autoscaling": [
              {
                "auto_provisioning_defaults": [],
                "enabled": false,
                "resource_limits": []
              }
            ],
            "cluster_ipv4_cidr": "10.172.0.0/14",
            "confidential_nodes": [],
            "cost_management_config": [],
            "database_encryption": [
              {
                "key_name": "",
                "state": "DECRYPTED"
              }
            ],
            "datapath_provider": "",
            "default_max_pods_per_node": null,
            "default_snat_status": [
              {
                "disabled": false
              }
            ],
            "description": "",
            "dns_config": [],
            "enable_autopilot": false,
            "enable_binary_authorization": false,
            "enable_intranode_visibility": false,
            "enable_k8s_beta_apis": [],
            "enable_kubernetes_alpha": false,
            "enable_l4_ilb_subsetting": false,
            "enable_legacy_abac": false,
            "enable_shielded_nodes": true,
            "enable_tpu": false,
            "endpoint": "35.223.196.9",
            "gateway_api_config": [],
            "id": "projects/indigo-altar-345111/locations/us-central1-a/clusters/my-gke-cluster",
            "initial_node_count": 1,
            "ip_allocation_policy": [],
            "label_fingerprint": "a9dc16a7",
            "location": "us-central1-a",
            "logging_config": [
              {
                "enable_components": [
                  "SYSTEM_COMPONENTS",
                  "WORKLOADS"
                ]
              }
            ],
            "logging_service": "logging.googleapis.com/kubernetes",
            "maintenance_policy": [],
            "master_auth": [
              {
                "client_certificate": "",
                "client_certificate_config": [
                  {
                    "issue_client_certificate": false
                  }
                ],
                "client_key": "",
                "cluster_ca_certificate": "LS0tLS1CRUdJTiBDRVJUSUZJQ0FURS0tLS0tCk1JSUVMRENDQXBTZ0F3SUJBZ0lRVHRBN1JhSmFkejB4emJtUDFLYWVnekFOQmdrcWhraUc5dzBCQVFzRkFEQXYKTVMwd0t3WURWUVFERXlSbVkyVm1NV1UzTWkxbFpXTmlMVFJsT0RZdE9UY3lNUzB6TkRnM01XUm1ORGsyWkRNdwpJQmNOTWpNd09ERTJNVFV4TXpBd1doZ1BNakExTXpBNE1EZ3hOakV6TURCYU1DOHhMVEFyQmdOVkJBTVRKR1pqClpXWXhaVGN5TFdWbFkySXROR1U0TmkwNU56SXhMVE0wT0RjeFpHWTBPVFprTXpDQ0FhSXdEUVlKS29aSWh2Y04KQVFFQkJRQURnZ0dQQURDQ0FZb0NnZ0dCQUwzQTgxbWZBYmFGcDJoQ0IrZ3I0WFBiODJILzAzSFhQdEpXSjhrMwo0UFovazlvdGgrbXBmcHVwcU9rU3pZU0dNb2ZSRTJSMGNtV3d5MEEwZDA1RUE5R2gxVlh6dk9SUHhTbzQ5RGFBCjUvMWJac3JzUGNORVZhMysxM2djck1uS3ppYldMNitoWXNkcUIwTkxoRTRTWnFnOUlINkhQZS84U21DRVI1YlYKOFZvOUVzQVozTVRrUGFjMWhQSzlhc0JSMDNLMit0bXJHMFNkZTE0NWIzM2hTeHRNOHZnd2Z3eTUvZTI5OFdjTQpDcUZ5Y0FySjRRb1JFalFxTHdUV2ZsTHV4UDYwcXloaE1RVm1ONm5mMUxHVVFnZEJXQ0o0bkZKMHRtOGw5bWVUCk5nYmFQQzZXeXRGOUtVOFZIWUYzNHhsbE92eVhxdGpEUkxaZHlMRXZlYXJOSkJJUWhXTGdGZngyZWJKdUJLWlMKOTRBa29rMzRJS3ZPWjdMaEJmb2t4NHkzUkwxT1BHMFV4VkFaMEJheUNaQ3RxTG9JSzdrUmowU0Noa082cTl4SApoMzVYQ2tXYkRhZkVwdzJQQmhpRnhEVWh4d1A5a0dVbjdMVllCK2pqaXY3Mkt0UVJrblQ3S1M0SjVnYTJmMXZKCmJhM3ZFQ3BKeTNGYWlNMGJKWjhQZ1Fsa213SURBUUFCbzBJd1FEQU9CZ05WSFE4QkFmOEVCQU1DQWdRd0R3WUQKVlIwVEFRSC9CQVV3QXdFQi96QWRCZ05WSFE0RUZnUVVpREpZYlZmSkhacHhFcFliVUFBVjA2c3o0VFV3RFFZSgpLb1pJaHZjTkFRRUxCUUFEZ2dHQkFETzZjUWo0ekJ1TEpHaWJ2Zk9pSTRTaVQ5dEhxalI0c2p5Uk8wRE5RYXNJCm9pOEZrQkNQcjVjMUlNZlg2RVdaUkFDcFJsRjRjMk8vaURDaFRZNnFmSkhFT01CbFVKd2FUMFBoajI0a2tuQU0KUjA2bmpZaWMzeVNsUUU2ZDF2WkNKRFhOclhOR0FLQS95dEtLVml1SGMrSDdETnJQaUxieTJFQTgzMlVFdWF3KwoxSFppV2tOS0ltTloxaUJNT2pyOEtZRURoRXRWZmdxMDBKWjdRcU1nRVZQZjJmem1FR0l0bVgzQ0hLejdidlNMCllqd1hSaGJ3Y21CMG5NRkJlUHZKeWR4bm9kSVM4SHVqNjI3YXd6dmF6UmIyU1QvTWRCVm94b2k2WDBPekZjTG8KWGxhK2dUaE8vTnNkeE1JbzY2MVFmMDZsbVRBMmpTeFhGQUhlYVpnc2RzZ1BHQjE4dk1vck9na210WXFENHVFNQowUTBDWWxEZVA4enBIcU0zM2w1RFZmQWhyQmRRaW14ZTBEdHF2dXlaeDhEVHhQWEt5VkNQTlFFMVBDQUhMNDZnCnp0QUsrc2pMUmRTME13ZlVZcGNCaVhYdW1OVGU3bkttT29xNFNoOUp1Sk9rb0kvbjFUZWkxYmNreHpKRFlsaVQKQllacE5nRUd2eWJLdjJRUjRXYjQvUT09Ci0tLS0tRU5EIENFUlRJRklDQVRFLS0tLS0K"
              }
            ],
            "master_authorized_networks_config": [],
            "master_version": "1.27.3-gke.100",
            "mesh_certificates": [],
            "min_master_version": null,
            "monitoring_config": [
              {
                "advanced_datapath_observability_config": [
                  {
                    "enable_metrics": false,
                    "relay_mode": "DISABLED"
                  }
                ],
                "enable_components": [
                  "SYSTEM_COMPONENTS"
                ],
                "managed_prometheus": [
                  {
                    "enabled": true
                  }
                ]
              }
            ],
            "monitoring_service": "monitoring.googleapis.com/kubernetes",
            "name": "my-gke-cluster",
            "network": "projects/indigo-altar-345111/global/networks/vpc",
            "network_policy": [
              {
                "enabled": false,
                "provider": "PROVIDER_UNSPECIFIED"
              }
            ],
            "networking_mode": "ROUTES",
            "node_config": [],
            "node_locations": [],
            "node_pool": [],
            "node_pool_defaults": [
              {
                "node_config_defaults": [
                  {
                    "logging_variant": "DEFAULT"
                  }
                ]
              }
            ],
            "node_version": "1.27.3-gke.100",
            "notification_config": [
              {
                "pubsub": [
                  {
                    "enabled": false,
                    "filter": [],
                    "topic": ""
                  }
                ]
              }
            ],
            "operation": null,
            "private_cluster_config": [
              {
                "enable_private_endpoint": false,
                "enable_private_nodes": false,
                "master_global_access_config": [
                  {
                    "enabled": false
                  }
                ],
                "master_ipv4_cidr_block": "",
                "peering_name": "",
                "private_endpoint": "10.51.16.2",
                "private_endpoint_subnetwork": "",
                "public_endpoint": "35.223.196.9"
              }
            ],
            "private_ipv6_google_access": "",
            "project": "indigo-altar-345111",
            "release_channel": [
              {
                "channel": "REGULAR"
              }
            ],
            "remove_default_node_pool": true,
            "resource_labels": {},
            "resource_usage_export_config": [],
            "security_posture_config": [
              {
                "mode": "MODE_UNSPECIFIED",
                "vulnerability_mode": "VULNERABILITY_MODE_UNSPECIFIED"
              }
            ],
            "self_link": "https://container.googleapis.com/v1/projects/indigo-altar-345111/zones/us-central1-a/clusters/my-gke-cluster",
            "service_external_ips_config": [
              {
                "enabled": false
              }
            ],
            "services_ipv4_cidr": "10.175.240.0/20",
            "subnetwork": "projects/indigo-altar-345111/regions/us-central1/subnetworks/subnetwork",
            "timeouts": null,
            "tpu_ipv4_cidr_block": "",
            "vertical_pod_autoscaling": [],
            "workload_identity_config": []
          },
          "sensitive_attributes": [],
          "private": "eyJlMmJmYjczMC1lY2FhLTExZTYtOGY4OC0zNDM2M2JjN2M0YzAiOnsiY3JlYXRlIjoyNDAwMDAwMDAwMDAwLCJkZWxldGUiOjI0MDAwMDAwMDAwMDAsInJlYWQiOjI0MDAwMDAwMDAwMDAsInVwZGF0ZSI6MzYwMDAwMDAwMDAwMH0sInNjaGVtYV92ZXJzaW9uIjoiMSJ9",
          "dependencies": [
            "module.network.google_compute_network.custom_vpc",
            "module.network.google_compute_subnetwork.private_subnet"
          ]
        }
      ]
    },
    {
      "module": "module.kubernetes",
      "mode": "managed",
      "type": "kubernetes_namespace",
      "name": "test",
      "provider": "module.kubernetes.provider[\"registry.terraform.io/hashicorp/kubernetes\"]",
      "instances": [
        {
          "schema_version": 0,
          "attributes": {
            "id": "nginx",
            "metadata": [
              {
                "annotations": {},
                "generate_name": "",
                "generation": 0,
                "labels": {},
                "name": "nginx",
                "resource_version": "3536",
                "uid": "1eb48516-f257-4f6b-b721-6460a003fb5d"
              }
            ],
            "timeouts": {
              "delete": "15m"
            },
            "wait_for_default_service_account": false
          },
          "sensitive_attributes": [],
          "private": "eyJlMmJmYjczMC1lY2FhLTExZTYtOGY4OC0zNDM2M2JjN2M0YzAiOnsiZGVsZXRlIjo5MDAwMDAwMDAwMDB9fQ==",
          "dependencies": [
            "module.kubernetes.data.google_client_config.default",
            "module.kubernetes.google_container_cluster.my_cluster",
            "module.network.google_compute_network.custom_vpc",
            "module.network.google_compute_subnetwork.private_subnet"
          ]
        }
      ]
    },
    {
      "module": "module.network",
      "mode": "managed",
      "type": "google_compute_network",
      "name": "custom_vpc",
      "provider": "provider[\"registry.terraform.io/hashicorp/google\"]",
      "instances": [
        {
          "schema_version": 0,
          "attributes": {
            "auto_create_subnetworks": false,
            "delete_default_routes_on_create": false,
            "description": "",
            "enable_ula_internal_ipv6": false,
            "gateway_ipv4": "",
            "id": "projects/indigo-altar-345111/global/networks/vpc",
            "internal_ipv6_range": "",
            "mtu": 0,
            "name": "vpc",
            "network_firewall_policy_enforcement_order": "AFTER_CLASSIC_FIREWALL",
            "project": "indigo-altar-345111",
            "routing_mode": "REGIONAL",
            "self_link": "https://www.googleapis.com/compute/v1/projects/indigo-altar-345111/global/networks/vpc",
            "timeouts": null
          },
          "sensitive_attributes": [],
          "private": "eyJlMmJmYjczMC1lY2FhLTExZTYtOGY4OC0zNDM2M2JjN2M0YzAiOnsiY3JlYXRlIjoxMjAwMDAwMDAwMDAwLCJkZWxldGUiOjEyMDAwMDAwMDAwMDAsInVwZGF0ZSI6MTIwMDAwMDAwMDAwMH19"
        }
      ]
    },
    {
      "module": "module.network",
      "mode": "managed",
      "type": "google_compute_subnetwork",
      "name": "private_subnet",
      "provider": "provider[\"registry.terraform.io/hashicorp/google\"]",
      "instances": [
        {
          "schema_version": 0,
          "attributes": {
            "creation_timestamp": "2023-08-16T09:12:46.421-07:00",
            "description": "",
            "external_ipv6_prefix": "",
            "fingerprint": null,
            "gateway_address": "10.51.16.1",
            "id": "projects/indigo-altar-345111/regions/us-central1/subnetworks/subnetwork",
            "ip_cidr_range": "10.51.16.0/20",
            "ipv6_access_type": "",
            "ipv6_cidr_range": "",
            "log_config": [
              {
                "aggregation_interval": "INTERVAL_10_MIN",
                "filter_expr": "true",
                "flow_sampling": 0.5,
                "metadata": "INCLUDE_ALL_METADATA",
                "metadata_fields": []
              }
            ],
            "name": "subnetwork",
            "network": "https://www.googleapis.com/compute/v1/projects/indigo-altar-345111/global/networks/vpc",
            "private_ip_google_access": true,
            "private_ipv6_google_access": "DISABLE_GOOGLE_ACCESS",
            "project": "indigo-altar-345111",
            "purpose": "PRIVATE",
            "region": "us-central1",
            "role": "",
            "secondary_ip_range": [],
            "self_link": "https://www.googleapis.com/compute/v1/projects/indigo-altar-345111/regions/us-central1/subnetworks/subnetwork",
            "stack_type": "IPV4_ONLY",
            "timeouts": null
          },
          "sensitive_attributes": [],
          "private": "eyJlMmJmYjczMC1lY2FhLTExZTYtOGY4OC0zNDM2M2JjN2M0YzAiOnsiY3JlYXRlIjoxMjAwMDAwMDAwMDAwLCJkZWxldGUiOjEyMDAwMDAwMDAwMDAsInVwZGF0ZSI6MTIwMDAwMDAwMDAwMH19",
          "dependencies": [
            "module.network.google_compute_network.custom_vpc"
          ]
        }
      ]
    }
  ],
  "check_results": null
}
