{
  "version": 4,
  "terraform_version": "1.5.3",
  "serial": 287,
  "lineage": "ed11e749-a1ad-cc89-0fcc-9110cd7bf0ce",
  "outputs": {},
  "resources": [
    {
      "mode": "data",
      "type": "google_client_config",
      "name": "default",
      "provider": "provider[\"registry.terraform.io/hashicorp/google\"]",
      "instances": [
        {
          "schema_version": 0,
          "attributes": {
            "access_token": "ya29.a0AfB_byB-m3dJNhrin7aFjfVh-6jv_btiSHDz3X1EhTaGxzHYvEtD5_9LRWdPg01s_-FVmJSUJ0sBRLYwa_YyHmIit9r1WOUUcXuOllzbJhKWu5EAnEP7p7R1KwrrhGp-Ae1mOGhjecJlx74y048rDXTenopolkiTctMhm46SogaCgYKAVoSARASFQHsvYlsC9FUY4DTiiVPmF0gJqsItA0177",
            "id": "projects/\"indigo-altar-345111\"/regions/\"us-east1\"/zones/\"us-east1-d\"",
            "project": "indigo-altar-345111",
            "region": "us-east1",
            "zone": "us-east1-d"
          },
          "sensitive_attributes": []
        }
      ]
    },
    {
      "mode": "managed",
      "type": "google_container_cluster",
      "name": "my_cluster",
      "provider": "provider[\"registry.terraform.io/hashicorp/google\"]",
      "instances": [
        {
          "schema_version": 1,
          "attributes": {
            "addons_config": [
              {
                "cloudrun_config": [],
                "config_connector_config": [],
                "dns_cache_config": [],
                "gce_persistent_disk_csi_driver_config": [
                  {
                    "enabled": true
                  }
                ],
                "gcp_filestore_csi_driver_config": [],
                "gcs_fuse_csi_driver_config": [],
                "gke_backup_agent_config": [],
                "horizontal_pod_autoscaling": [],
                "http_load_balancing": [],
                "network_policy_config": [
                  {
                    "disabled": true
                  }
                ]
              }
            ],
            "allow_net_admin": null,
            "authenticator_groups_config": [],
            "binary_authorization": [
              {
                "enabled": false,
                "evaluation_mode": ""
              }
            ],
            "cluster_autoscaling": [
              {
                "auto_provisioning_defaults": [],
                "enabled": false,
                "resource_limits": []
              }
            ],
            "cluster_ipv4_cidr": "10.0.0.0/14",
            "confidential_nodes": [],
            "cost_management_config": [],
            "database_encryption": [
              {
                "key_name": "",
                "state": "DECRYPTED"
              }
            ],
            "datapath_provider": "",
            "default_max_pods_per_node": null,
            "default_snat_status": [
              {
                "disabled": false
              }
            ],
            "description": "",
            "dns_config": [],
            "enable_autopilot": false,
            "enable_binary_authorization": false,
            "enable_intranode_visibility": false,
            "enable_k8s_beta_apis": [],
            "enable_kubernetes_alpha": false,
            "enable_l4_ilb_subsetting": false,
            "enable_legacy_abac": false,
            "enable_shielded_nodes": true,
            "enable_tpu": false,
            "endpoint": "34.171.9.71",
            "gateway_api_config": [],
            "id": "projects/indigo-altar-345111/locations/us-central1-a/clusters/my-gke-cluster",
            "initial_node_count": 1,
            "ip_allocation_policy": [],
            "label_fingerprint": "a9dc16a7",
            "location": "us-central1-a",
            "logging_config": [
              {
                "enable_components": [
                  "SYSTEM_COMPONENTS",
                  "WORKLOADS"
                ]
              }
            ],
            "logging_service": "logging.googleapis.com/kubernetes",
            "maintenance_policy": [],
            "master_auth": [
              {
                "client_certificate": "",
                "client_certificate_config": [
                  {
                    "issue_client_certificate": false
                  }
                ],
                "client_key": "",
                "cluster_ca_certificate": "LS0tLS1CRUdJTiBDRVJUSUZJQ0FURS0tLS0tCk1JSUVMVENDQXBXZ0F3SUJBZ0lSQUxDa1FUOFY1cVRFdnBIN3BHZE9XRUF3RFFZSktvWklodmNOQVFFTEJRQXcKTHpFdE1Dc0dBMVVFQXhNa09UUTVZamc0WmpJdE9XUTVaUzAwTXpabExUZzJNakV0WkRGaU5XWTBOVFkwTlRZdwpNQ0FYRFRJek1EZ3hOakV3TVRJeE1Wb1lEekl3TlRNd09EQTRNVEV4TWpFeFdqQXZNUzB3S3dZRFZRUURFeVE1Ck5EbGlPRGhtTWkwNVpEbGxMVFF6Tm1VdE9EWXlNUzFrTVdJMVpqUTFOalExTmpBd2dnR2lNQTBHQ1NxR1NJYjMKRFFFQkFRVUFBNElCandBd2dnR0tBb0lCZ1FDczM4K1NQNXdUMDFEeEkreTRuc1VUQldidVYzMHM5VVpFLy8vQQo5dUtaWE9FblJiVmZ3eVptYVRHY2VwRS9QL3hSYjIyVjAzT0todXd3aW5uUWVHc0p6aHNIYTlnOWFETnNsMlNFCi9sQ2lhVllaZzFtNks4cEMrK2FEejVtdENUZWtETmt4R04waXMzL1FVeDVab25YU3JBQ21WODFEMVg3YXJtVVAKQzV4Y01GVzQvRTlVTmthejFQVjZGTThmM1Y4T1dZT3I1b1RxeE43N1ZrRkZUZmR2cE5USU96ZERYYURNQm9VNQp1VlptYmVjK28rcXNBWW8vS3VLSW85TngvazFZYXdrL0NsY3dmakZ5V01JaXZpSG9jNlZuemJ2ZnJSN0xMTnBuCjRJNEkyd0d0MzFwbHRSWFdZTWNaVWkyZU5XWjFHQkhNNURXeVpPa1ZBbXVQbXNJRGlmalFPdWFPcGJzdUVRekIKeXpYK0pjMDJXMDM2T2hrZm1MUEttUzNjYVhYdGFGT3UySm5kVTJIZXFvaWg1RExFM3h2dGloNnQxbC9MaEJZcgpmR0MwM09nU3lpYlI4UXhPNXhsZS9udU1ZTVhsb0I2di9QL3hiY2VxNEpvVUh3UnFZeVQxNHp1OG5NU2gvU3hxCkNOaGVWUEpFRmkxR0MrUkJaQlVva2RrUElIOENBd0VBQWFOQ01FQXdEZ1lEVlIwUEFRSC9CQVFEQWdJRU1BOEcKQTFVZEV3RUIvd1FGTUFNQkFmOHdIUVlEVlIwT0JCWUVGRUNhakp3dVMvMkJxTVV4QURxY2lJM1hGcDFwTUEwRwpDU3FHU0liM0RRRUJDd1VBQTRJQmdRQWUyY2YwdnlSMmJ4U0FCNkN5aWd5T0dhUTZ3QkZnaVVMejR1Wm10VHp2CmxBUTJLYlcvdEpWTEpjK1JtUjUxMDhmSVBYb1BqcWppM0ZoYndiRVN3ZkhrT2YvV2lqd0RaN1ZRdWY2OE0wU0UKTU55czBFTWtOZFpLVXg1QzVhSENiK0xGREN1K3VqeHFTT1pTYUJHd3kvUnMybUlUTlRlWllqb0RRVGFieXQyYwpTc3loS0RVMlRIUWlnZnNwcGVnTFJ6TFNwbUthRGpnNGs1anIzSExOSHQ4RXNDSzY0RElFWmRLSFN5c3NtWFhxCkVKcUtaeUY0Y1VvbXJZdTRBaE1yb2ovQ2pkY0xUNkh1N1liN2twQklPazF4emVORnlwek9TNDhidW16THpUZmMKVjJGWDdwREpaYTU1bm1LeW1JVDNkUE1NN2k2aXo1ajl0RlJxa3Z5bEFPYXpZaHdQTy80K3RHZldYbmRuckpzegpxQ0pTd2wxYWxxeG9QWml3UzBOMk9aYkROdW5rMXRxSndFc2JPU0kyWjh6RnUyWnVDdHhlSFZnZ0hBSWZwbFRQCjZVcWR4UjFwa0lNOFBEME9LMUdNRExyVlpiOXFxV1V4WWVSYVNSUk5sbDh5UkdPb0FUajZSWWlIcEs0cVIveEgKODdHOW5VQi9Fbkk1T0d1Tlp1SVpMc2c9Ci0tLS0tRU5EIENFUlRJRklDQVRFLS0tLS0K"
              }
            ],
            "master_authorized_networks_config": [],
            "master_version": "1.27.3-gke.100",
            "mesh_certificates": [],
            "min_master_version": null,
            "monitoring_config": [
              {
                "enable_components": [
                  "SYSTEM_COMPONENTS"
                ],
                "managed_prometheus": [
                  {
                    "enabled": true
                  }
                ]
              }
            ],
            "monitoring_service": "monitoring.googleapis.com/kubernetes",
            "name": "my-gke-cluster",
            "network": "projects/indigo-altar-345111/global/networks/default",
            "network_policy": [
              {
                "enabled": false,
                "provider": "PROVIDER_UNSPECIFIED"
              }
            ],
            "networking_mode": "ROUTES",
            "node_config": [],
            "node_locations": [],
            "node_pool": [],
            "node_pool_defaults": [
              {
                "node_config_defaults": [
                  {
                    "logging_variant": "DEFAULT"
                  }
                ]
              }
            ],
            "node_version": "1.27.3-gke.100",
            "notification_config": [
              {
                "pubsub": [
                  {
                    "enabled": false,
                    "filter": [],
                    "topic": ""
                  }
                ]
              }
            ],
            "operation": null,
            "private_cluster_config": [
              {
                "enable_private_endpoint": false,
                "enable_private_nodes": false,
                "master_global_access_config": [
                  {
                    "enabled": false
                  }
                ],
                "master_ipv4_cidr_block": "",
                "peering_name": "",
                "private_endpoint": "10.128.0.38",
                "private_endpoint_subnetwork": "",
                "public_endpoint": "34.171.9.71"
              }
            ],
            "private_ipv6_google_access": "",
            "project": "indigo-altar-345111",
            "release_channel": [
              {
                "channel": "REGULAR"
              }
            ],
            "remove_default_node_pool": true,
            "resource_labels": {},
            "resource_usage_export_config": [],
            "security_posture_config": [
              {
                "mode": "MODE_UNSPECIFIED",
                "vulnerability_mode": "VULNERABILITY_MODE_UNSPECIFIED"
              }
            ],
            "self_link": "https://container.googleapis.com/v1/projects/indigo-altar-345111/zones/us-central1-a/clusters/my-gke-cluster",
            "service_external_ips_config": [
              {
                "enabled": false
              }
            ],
            "services_ipv4_cidr": "10.3.240.0/20",
            "subnetwork": "projects/indigo-altar-345111/regions/us-central1/subnetworks/default",
            "timeouts": null,
            "tpu_ipv4_cidr_block": "",
            "vertical_pod_autoscaling": [],
            "workload_identity_config": []
          },
          "sensitive_attributes": [],
          "private": "eyJlMmJmYjczMC1lY2FhLTExZTYtOGY4OC0zNDM2M2JjN2M0YzAiOnsiY3JlYXRlIjoyNDAwMDAwMDAwMDAwLCJkZWxldGUiOjI0MDAwMDAwMDAwMDAsInJlYWQiOjI0MDAwMDAwMDAwMDAsInVwZGF0ZSI6MzYwMDAwMDAwMDAwMH0sInNjaGVtYV92ZXJzaW9uIjoiMSJ9"
        }
      ]
    },
    {
      "mode": "managed",
      "type": "kubernetes_namespace",
      "name": "test",
      "provider": "provider[\"registry.terraform.io/hashicorp/kubernetes\"]",
      "instances": [
        {
          "schema_version": 0,
          "attributes": {
            "id": "nginx",
            "metadata": [
              {
                "annotations": {},
                "generate_name": "",
                "generation": 0,
                "labels": {},
                "name": "nginx",
                "resource_version": "3675",
                "uid": "fe021469-8575-44c8-8d32-c9d4975cc9a4"
              }
            ],
            "timeouts": {
              "delete": "5m"
            },
            "wait_for_default_service_account": false
          },
          "sensitive_attributes": [],
          "private": "eyJlMmJmYjczMC1lY2FhLTExZTYtOGY4OC0zNDM2M2JjN2M0YzAiOnsiZGVsZXRlIjozMDAwMDAwMDAwMDB9fQ==",
          "dependencies": [
            "data.google_client_config.default",
            "google_container_cluster.my_cluster"
          ]
        }
      ]
    }
  ],
  "check_results": null
}
