{
  "version": 4,
  "terraform_version": "1.5.3",
  "serial": 238,
  "lineage": "ed11e749-a1ad-cc89-0fcc-9110cd7bf0ce",
  "outputs": {},
  "resources": [
    {
      "mode": "data",
      "type": "google_client_config",
      "name": "default",
      "provider": "provider[\"registry.terraform.io/hashicorp/google\"]",
      "instances": [
        {
          "schema_version": 0,
          "attributes": {
            "access_token": "ya29.a0AfB_byCbt3jyJvtKnSVpfWi28lzTwI59rVh5aVcjlBbUkrukgZetK4xgmDQF4Q2HW_4HN-S2jC6WYq8U3aZqb1WUKY4ei-rq9hnigGKbKy1vMP3zeYhOvn_AI1Gn8zY4VkvfHccXfyHVE6XJAPS-9b7_m1_dYIXxaCgYKAb8SARASFQHsvYls17bnNBUL_Qk5mKhSTFSr7g0167",
            "id": "projects/\"indigo-altar-345111\"/regions/\"us-east1\"/zones/\"us-east1-d\"",
            "project": "indigo-altar-345111",
            "region": "us-east1",
            "zone": "us-east1-d"
          },
          "sensitive_attributes": []
        }
      ]
    },
    {
      "mode": "managed",
      "type": "google_container_cluster",
      "name": "my_cluster",
      "provider": "provider[\"registry.terraform.io/hashicorp/google\"]",
      "instances": [
        {
          "schema_version": 1,
          "attributes": {
            "addons_config": [
              {
                "cloudrun_config": [],
                "config_connector_config": [],
                "dns_cache_config": [],
                "gce_persistent_disk_csi_driver_config": [
                  {
                    "enabled": true
                  }
                ],
                "gcp_filestore_csi_driver_config": [],
                "gcs_fuse_csi_driver_config": [],
                "gke_backup_agent_config": [],
                "horizontal_pod_autoscaling": [],
                "http_load_balancing": [],
                "network_policy_config": [
                  {
                    "disabled": true
                  }
                ]
              }
            ],
            "allow_net_admin": null,
            "authenticator_groups_config": [],
            "binary_authorization": [
              {
                "enabled": false,
                "evaluation_mode": ""
              }
            ],
            "cluster_autoscaling": [
              {
                "auto_provisioning_defaults": [],
                "enabled": false,
                "resource_limits": []
              }
            ],
            "cluster_ipv4_cidr": "10.0.0.0/14",
            "confidential_nodes": [],
            "cost_management_config": [],
            "database_encryption": [
              {
                "key_name": "",
                "state": "DECRYPTED"
              }
            ],
            "datapath_provider": "",
            "default_max_pods_per_node": null,
            "default_snat_status": [
              {
                "disabled": false
              }
            ],
            "description": "",
            "dns_config": [],
            "enable_autopilot": false,
            "enable_binary_authorization": false,
            "enable_intranode_visibility": false,
            "enable_k8s_beta_apis": [],
            "enable_kubernetes_alpha": false,
            "enable_l4_ilb_subsetting": false,
            "enable_legacy_abac": false,
            "enable_shielded_nodes": true,
            "enable_tpu": false,
            "endpoint": "35.225.102.41",
            "gateway_api_config": [],
            "id": "projects/indigo-altar-345111/locations/us-central1-a/clusters/my-gke-cluster",
            "initial_node_count": 1,
            "ip_allocation_policy": [],
            "label_fingerprint": "a9dc16a7",
            "location": "us-central1-a",
            "logging_config": [
              {
                "enable_components": [
                  "SYSTEM_COMPONENTS",
                  "WORKLOADS"
                ]
              }
            ],
            "logging_service": "logging.googleapis.com/kubernetes",
            "maintenance_policy": [],
            "master_auth": [
              {
                "client_certificate": "",
                "client_certificate_config": [
                  {
                    "issue_client_certificate": false
                  }
                ],
                "client_key": "",
                "cluster_ca_certificate": "LS0tLS1CRUdJTiBDRVJUSUZJQ0FURS0tLS0tCk1JSUVMRENDQXBTZ0F3SUJBZ0lRUE15YVhSWnNvdXdpbUhxVmUyb3hRekFOQmdrcWhraUc5dzBCQVFzRkFEQXYKTVMwd0t3WURWUVFERXlSaFlqRXhNRFF5TWkxbFkySTRMVFE0WVRVdFlqZGpaUzB5TXpnNE9XRXlaVE5pWTJNdwpJQmNOTWpNd09ERTBNVEV5TlRReldoZ1BNakExTXpBNE1EWXhNakkxTkROYU1DOHhMVEFyQmdOVkJBTVRKR0ZpCk1URXdOREl5TFdWallqZ3RORGhoTlMxaU4yTmxMVEl6T0RnNVlUSmxNMkpqWXpDQ0FhSXdEUVlKS29aSWh2Y04KQVFFQkJRQURnZ0dQQURDQ0FZb0NnZ0dCQUtxbnB2bVpSTXdWMHBWRW82VjlYcVRRVVB6ZmoxRlA4VHFhd29XSgpWR2dXVmFlb2hzN0dmNFNXQzFxSjZXT2IxelJ4WVp4UVFaQWp0R0ZMT0hBZ0l5NkVqeFVuVlNyd3c4d0JNUHZFClRqWC9aNkJpUk8vaFFwV2ZkMDVCRENhZHJZekVBM2pIWHY0Y2lEU1VYeHlXclBkdVFVd281VS82d0c1WHUzRkUKTVBGTWEvcVF2RFpOd3VZZzBBdi82WmxkTEFES0drbDFESi8reG9QZThoQ3pPQlZWM3NmdDFURzh6VnN6ZHRTbgpSUmczWTVpUWx4cnlHMldZVzkvK1pRS2VrQ1NFSTJpSEJQRkZzZFZUWFA5dVFFeURjdXA5T2QvZVEwdGNpV3gzCkxBNGYyMHdIRzN4bkY3Uk1FaGdzYngzb3JCdWMvZUFxK3ZHTTZZMG5UQkJ0Wk56YnBOOWpjMDRLZDdFeHAycDcKWlY1VFZDYlhoeDFsQWJYTFAzdVFvcC9JZ3cwWlpqTWNycUg4N3dISFNjN2xKZzgycjNRVkZNMURwZkhyd3prYQpOOE14QlpQZmsvbU1KWVFTREgyQzhQMWE4QmpIcmJ4bEIxSWZmSFdjekxsMi8zQVkwcS9xNm5jamk1N2tFOXBtCk5NNnNMRVIwREh6SU4xLytEUldJRURpT0Z3SURBUUFCbzBJd1FEQU9CZ05WSFE4QkFmOEVCQU1DQWdRd0R3WUQKVlIwVEFRSC9CQVV3QXdFQi96QWRCZ05WSFE0RUZnUVVhOXM4eEllU2d0YkljTWJVNmxWNjBad3F5bmt3RFFZSgpLb1pJaHZjTkFRRUxCUUFEZ2dHQkFKMnc2Q3hDMFN0ZEN2Ny9nVjdacy8wdTdsRFQyVUNCeFNrcTVrOWFIQ2JiCjVISXdCeW9QclB3d1JiUVhjUWpxc3Nodmp6bDV3YVJlL0pxaUVFVnRZT3h2eUFCNHc1cmw3bXFudWdIMzBIK2EKSnora3lxTDV0UmZEbEd3eTJIbmhBWXhWWVdDQmV0UUcwa0RoTXQ4am9YMDBtR1VZaGdraXovZG5QUW5aS3hKTgovaFA4enE2U0t3VXUyaFZOTnJwZ2NJRTRsLzh4NFpPV3JaTXkvK0N5ZGVBU2hNMUVLcWdnL1ZKalRVTUlRclNrCnBRejJOVU9ZckxYV2dqS3h2SGpjMXo0NW5tUTRVbVRjVjNvMklEY3RXSGxNS2I2L2ZHMFBPaDY0RFllSkxjZ3QKKzFFYUVzc3FsY0hnVG8zUU8zdS9jNEI4RytLSWdJdXNtUDRuRjYxKzA5UUtoalpETXNlYllkbW4zMTM4OXN3ZwpTaXJsK2E2cy9DVFZIM2JMcTZ1cnVwOXg4WGJ3bGkzU2grRDZQVVR1WUs0SXF2ZFFYQi9qRjhjcWlTbWVIYTZwCmxlc1BCQ0pUQ0dnbDUzYk5IRk92Z0JCTjVsMWZNZFdURzdGZmtuZU5PNXg4RW0xaEg1WE9GMzgrbWVnSUYwaTIKTkNGT2cwWVdGeHVxVVNPUE5CQURrZz09Ci0tLS0tRU5EIENFUlRJRklDQVRFLS0tLS0K"
              }
            ],
            "master_authorized_networks_config": [],
            "master_version": "1.27.3-gke.100",
            "mesh_certificates": [],
            "min_master_version": null,
            "monitoring_config": [
              {
                "enable_components": [
                  "SYSTEM_COMPONENTS"
                ],
                "managed_prometheus": [
                  {
                    "enabled": true
                  }
                ]
              }
            ],
            "monitoring_service": "monitoring.googleapis.com/kubernetes",
            "name": "my-gke-cluster",
            "network": "projects/indigo-altar-345111/global/networks/default",
            "network_policy": [
              {
                "enabled": false,
                "provider": "PROVIDER_UNSPECIFIED"
              }
            ],
            "networking_mode": "ROUTES",
            "node_config": [],
            "node_locations": [],
            "node_pool": [],
            "node_pool_defaults": [
              {
                "node_config_defaults": [
                  {
                    "logging_variant": "DEFAULT"
                  }
                ]
              }
            ],
            "node_version": "1.27.3-gke.100",
            "notification_config": [
              {
                "pubsub": [
                  {
                    "enabled": false,
                    "filter": [],
                    "topic": ""
                  }
                ]
              }
            ],
            "operation": null,
            "private_cluster_config": [
              {
                "enable_private_endpoint": false,
                "enable_private_nodes": false,
                "master_global_access_config": [
                  {
                    "enabled": false
                  }
                ],
                "master_ipv4_cidr_block": "",
                "peering_name": "",
                "private_endpoint": "10.128.0.32",
                "private_endpoint_subnetwork": "",
                "public_endpoint": "35.225.102.41"
              }
            ],
            "private_ipv6_google_access": "",
            "project": "indigo-altar-345111",
            "release_channel": [
              {
                "channel": "REGULAR"
              }
            ],
            "remove_default_node_pool": true,
            "resource_labels": {},
            "resource_usage_export_config": [],
            "security_posture_config": [
              {
                "mode": "MODE_UNSPECIFIED",
                "vulnerability_mode": "VULNERABILITY_MODE_UNSPECIFIED"
              }
            ],
            "self_link": "https://container.googleapis.com/v1/projects/indigo-altar-345111/zones/us-central1-a/clusters/my-gke-cluster",
            "service_external_ips_config": [
              {
                "enabled": false
              }
            ],
            "services_ipv4_cidr": "10.3.240.0/20",
            "subnetwork": "projects/indigo-altar-345111/regions/us-central1/subnetworks/default",
            "timeouts": null,
            "tpu_ipv4_cidr_block": "",
            "vertical_pod_autoscaling": [],
            "workload_identity_config": []
          },
          "sensitive_attributes": [],
          "private": "eyJlMmJmYjczMC1lY2FhLTExZTYtOGY4OC0zNDM2M2JjN2M0YzAiOnsiY3JlYXRlIjoyNDAwMDAwMDAwMDAwLCJkZWxldGUiOjI0MDAwMDAwMDAwMDAsInJlYWQiOjI0MDAwMDAwMDAwMDAsInVwZGF0ZSI6MzYwMDAwMDAwMDAwMH0sInNjaGVtYV92ZXJzaW9uIjoiMSJ9"
        }
      ]
    },
    {
      "mode": "managed",
      "type": "kubernetes_namespace",
      "name": "test",
      "provider": "provider[\"registry.terraform.io/hashicorp/kubernetes\"]",
      "instances": [
        {
          "schema_version": 0,
          "attributes": {
            "id": "nginx",
            "metadata": [
              {
                "annotations": {},
                "generate_name": "",
                "generation": 0,
                "labels": {},
                "name": "nginx",
                "resource_version": "3581",
                "uid": "410c3cb6-dd97-4044-81dd-8e5e47eda528"
              }
            ],
            "timeouts": null,
            "wait_for_default_service_account": false
          },
          "sensitive_attributes": [],
          "private": "eyJlMmJmYjczMC1lY2FhLTExZTYtOGY4OC0zNDM2M2JjN2M0YzAiOnsiZGVsZXRlIjozMDAwMDAwMDAwMDB9fQ==",
          "dependencies": [
            "data.google_client_config.default",
            "google_container_cluster.my_cluster"
          ]
        }
      ]
    }
  ],
  "check_results": null
}
