{
  "version": 4,
  "terraform_version": "1.5.3",
  "serial": 272,
  "lineage": "ed11e749-a1ad-cc89-0fcc-9110cd7bf0ce",
  "outputs": {},
  "resources": [
    {
      "mode": "data",
      "type": "google_client_config",
      "name": "default",
      "provider": "provider[\"registry.terraform.io/hashicorp/google\"]",
      "instances": [
        {
          "schema_version": 0,
          "attributes": {
            "access_token": "ya29.a0AfB_byCe568WVxXN8cxE5YM2YYE3gOrhnCtISAW-OPVoxiC-8O1-PCJG9DSdf_6i0NW-eD1QMiAHl5yyOtWb3e2Dr0fFLkCwkm9HQj3TCK0jTgqVdtBBlcToIHttjhoAdvTGsRi6PTd2RRnZWdkKlL9-LmZ6Ed4FtkWNblUAcAaCgYKAdcSARASFQHsvYlsSC1daNxsXO2D7Chuy98_bA0177",
            "id": "projects/\"indigo-altar-345111\"/regions/\"us-east1\"/zones/\"us-east1-d\"",
            "project": "indigo-altar-345111",
            "region": "us-east1",
            "zone": "us-east1-d"
          },
          "sensitive_attributes": []
        }
      ]
    },
    {
      "mode": "managed",
      "type": "google_container_cluster",
      "name": "my_cluster",
      "provider": "provider[\"registry.terraform.io/hashicorp/google\"]",
      "instances": [
        {
          "schema_version": 1,
          "attributes": {
            "addons_config": [
              {
                "cloudrun_config": [],
                "config_connector_config": [],
                "dns_cache_config": [],
                "gce_persistent_disk_csi_driver_config": [
                  {
                    "enabled": true
                  }
                ],
                "gcp_filestore_csi_driver_config": [],
                "gcs_fuse_csi_driver_config": [],
                "gke_backup_agent_config": [],
                "horizontal_pod_autoscaling": [],
                "http_load_balancing": [],
                "network_policy_config": [
                  {
                    "disabled": true
                  }
                ]
              }
            ],
            "allow_net_admin": null,
            "authenticator_groups_config": [],
            "binary_authorization": [
              {
                "enabled": false,
                "evaluation_mode": ""
              }
            ],
            "cluster_autoscaling": [
              {
                "auto_provisioning_defaults": [],
                "enabled": false,
                "resource_limits": []
              }
            ],
            "cluster_ipv4_cidr": "10.0.0.0/14",
            "confidential_nodes": [],
            "cost_management_config": [],
            "database_encryption": [
              {
                "key_name": "",
                "state": "DECRYPTED"
              }
            ],
            "datapath_provider": "",
            "default_max_pods_per_node": null,
            "default_snat_status": [
              {
                "disabled": false
              }
            ],
            "description": "",
            "dns_config": [],
            "enable_autopilot": false,
            "enable_binary_authorization": false,
            "enable_intranode_visibility": false,
            "enable_k8s_beta_apis": [],
            "enable_kubernetes_alpha": false,
            "enable_l4_ilb_subsetting": false,
            "enable_legacy_abac": false,
            "enable_shielded_nodes": true,
            "enable_tpu": false,
            "endpoint": "34.28.24.11",
            "gateway_api_config": [],
            "id": "projects/indigo-altar-345111/locations/us-central1-a/clusters/my-gke-cluster",
            "initial_node_count": 1,
            "ip_allocation_policy": [],
            "label_fingerprint": "a9dc16a7",
            "location": "us-central1-a",
            "logging_config": [
              {
                "enable_components": [
                  "SYSTEM_COMPONENTS",
                  "WORKLOADS"
                ]
              }
            ],
            "logging_service": "logging.googleapis.com/kubernetes",
            "maintenance_policy": [],
            "master_auth": [
              {
                "client_certificate": "",
                "client_certificate_config": [
                  {
                    "issue_client_certificate": false
                  }
                ],
                "client_key": "",
                "cluster_ca_certificate": "LS0tLS1CRUdJTiBDRVJUSUZJQ0FURS0tLS0tCk1JSUVMRENDQXBTZ0F3SUJBZ0lRYlkvQzBDN2N6dkgrWjBVUjM3MUxyakFOQmdrcWhraUc5dzBCQVFzRkFEQXYKTVMwd0t3WURWUVFERXlReU5qUXpZbVpqTVMxaE56a3pMVFEyTURJdFlqazNNQzAyWm1VeE56UTVPR0k1T0RZdwpJQmNOTWpNd09ERTJNRE16TkRJd1doZ1BNakExTXpBNE1EZ3dORE0wTWpCYU1DOHhMVEFyQmdOVkJBTVRKREkyCk5ETmlabU14TFdFM09UTXRORFl3TWkxaU9UY3dMVFptWlRFM05EazRZams0TmpDQ0FhSXdEUVlKS29aSWh2Y04KQVFFQkJRQURnZ0dQQURDQ0FZb0NnZ0dCQUlhL3c5cTlMTy85ektmZGtaZHdubG1MUFdDVFUydERxZmQ3QzVSego2WjJ5Q2k1WVJySFdud3l3TGZMMVB0MEhpWmFPSmNuaE9yd25xcmFERExKZStibnU2cDgvVmZha3ViYTlzZ2xRCnEzdGZ0T1lFMmJQMmo0d1lsUVdGSXJqVkRNWk44NUlnVmo1N0ZBTGg0c01nMUs4VGxLZDR0VllUZEN6enRDTHcKSTROaCtaQkgydkR2T01ERCtOVzlNUUMydGEzdkM5N0xzbFFrYXZ2ZCtaMzdFUk1LbXA4MkJuZElDRWhkUU5nNApKb0JEUW5xTjdGM1U2c1NEcVlYV1hNQ0NVYkVoeW1oSUJ2MGRyUVVXT0F3NlJNRERFRkZiVEExc1VWaDUvc29RCi9SMkxkTG1YUVhQaXg5a3dMVmxaMVZPRm5PdGtBZ2x0VzhFQmJ4T0VHaFZOUG93cWlNSU56amZDdFU2TjFEYmgKdzUvM1BJbHk1b3RGWG5CWnhOWVA1TUY4a1NleDVlb0dPZDNjaDlYSXVtT2NacWtER1dRSDhWYWRDYzNYREQyKwpXZ1lFajJKZldKenFRS3BKSHZUWEkyQTdxUDV4V1pQLzRVb0RNQnphbmptUDJXODZTbVZ6OTFpYUNDNWNKQkc1ClAvcVhOWnFjc1dEb1RCM2tJQjR2Sy8yMHNRSURBUUFCbzBJd1FEQU9CZ05WSFE4QkFmOEVCQU1DQWdRd0R3WUQKVlIwVEFRSC9CQVV3QXdFQi96QWRCZ05WSFE0RUZnUVVmUExBSVlIeTJ4eXdUVUtyYSttaWI4RDFYS3d3RFFZSgpLb1pJaHZjTkFRRUxCUUFEZ2dHQkFEZmxFTDhEYTlPWS9LazlWWHBiS21wVmprS2dINXJLWjhVL3pHRkxnbE1KCm9Xcmo4YUJpVGh6aTFDTWNhUU56WnNqeW1MenpJUXlKdzBzSzhSdW11cWtHa2pQeW9GdGZmV3BkNTJTMHZtZXYKWFFiQktZa0JleVJtWWp1Z1QxbXlzZXJqa1JrTXFSZ2RjYmY5WDFmK09ETUhmTk5qazAxSzBJWmJRZEZDK3d1VwpBV0xHSThmLzdLMVZLNFhCcHVhaFhtSVlJR0p3Y1FTMm5aY3drRkJqMFZIekwwMHVsOThnZC84SmJGT09GbzBwCmxFMzBZTmdmamdXQkJ5Q044VER4VG9aTVpuZW5GbW9JNGVaa2JveHJNYWF5NVVwaWxjUGpoZjBlZWJBakhRMkkKaUhKY09jVk9EVnlyVDhYMG13dWpLVWNjbFlNYkQ0cTFUSEpRWFU0NU1WVzM2R0JFWHN6cytRUitnQTVKUkNsQQpSRExuMHJTUnFzTjU4ek56blZYazUrNTM0ajNnNFR2WjhpY0gvQTVRTXRRTG0wSDMveEJiMkxkZFFaaVUvcWpKCjNpelFlRXpTRGpCS0t5dzRqbFJ5YlpoeVQvL3NCR1FIVWh5VjYzZ0VHdUk5S25GQkxhdDBLdFJROE5tZkR4TVYKdFBoTm9acXdWLzBCU290clh3bEkxUT09Ci0tLS0tRU5EIENFUlRJRklDQVRFLS0tLS0K"
              }
            ],
            "master_authorized_networks_config": [],
            "master_version": "1.27.3-gke.100",
            "mesh_certificates": [],
            "min_master_version": null,
            "monitoring_config": [
              {
                "enable_components": [
                  "SYSTEM_COMPONENTS"
                ],
                "managed_prometheus": [
                  {
                    "enabled": true
                  }
                ]
              }
            ],
            "monitoring_service": "monitoring.googleapis.com/kubernetes",
            "name": "my-gke-cluster",
            "network": "projects/indigo-altar-345111/global/networks/default",
            "network_policy": [
              {
                "enabled": false,
                "provider": "PROVIDER_UNSPECIFIED"
              }
            ],
            "networking_mode": "ROUTES",
            "node_config": [],
            "node_locations": [],
            "node_pool": [],
            "node_pool_defaults": [
              {
                "node_config_defaults": [
                  {
                    "logging_variant": "DEFAULT"
                  }
                ]
              }
            ],
            "node_version": "1.27.3-gke.100",
            "notification_config": [
              {
                "pubsub": [
                  {
                    "enabled": false,
                    "filter": [],
                    "topic": ""
                  }
                ]
              }
            ],
            "operation": null,
            "private_cluster_config": [
              {
                "enable_private_endpoint": false,
                "enable_private_nodes": false,
                "master_global_access_config": [
                  {
                    "enabled": false
                  }
                ],
                "master_ipv4_cidr_block": "",
                "peering_name": "",
                "private_endpoint": "10.128.0.36",
                "private_endpoint_subnetwork": "",
                "public_endpoint": "34.28.24.11"
              }
            ],
            "private_ipv6_google_access": "",
            "project": "indigo-altar-345111",
            "release_channel": [
              {
                "channel": "REGULAR"
              }
            ],
            "remove_default_node_pool": true,
            "resource_labels": {},
            "resource_usage_export_config": [],
            "security_posture_config": [
              {
                "mode": "MODE_UNSPECIFIED",
                "vulnerability_mode": "VULNERABILITY_MODE_UNSPECIFIED"
              }
            ],
            "self_link": "https://container.googleapis.com/v1/projects/indigo-altar-345111/zones/us-central1-a/clusters/my-gke-cluster",
            "service_external_ips_config": [
              {
                "enabled": false
              }
            ],
            "services_ipv4_cidr": "10.3.240.0/20",
            "subnetwork": "projects/indigo-altar-345111/regions/us-central1/subnetworks/default",
            "timeouts": null,
            "tpu_ipv4_cidr_block": "",
            "vertical_pod_autoscaling": [],
            "workload_identity_config": []
          },
          "sensitive_attributes": [],
          "private": "eyJlMmJmYjczMC1lY2FhLTExZTYtOGY4OC0zNDM2M2JjN2M0YzAiOnsiY3JlYXRlIjoyNDAwMDAwMDAwMDAwLCJkZWxldGUiOjI0MDAwMDAwMDAwMDAsInJlYWQiOjI0MDAwMDAwMDAwMDAsInVwZGF0ZSI6MzYwMDAwMDAwMDAwMH0sInNjaGVtYV92ZXJzaW9uIjoiMSJ9"
        }
      ]
    },
    {
      "mode": "managed",
      "type": "kubernetes_namespace",
      "name": "test",
      "provider": "provider[\"registry.terraform.io/hashicorp/kubernetes\"]",
      "instances": [
        {
          "schema_version": 0,
          "attributes": {
            "id": "nginx",
            "metadata": [
              {
                "annotations": {},
                "generate_name": "",
                "generation": 0,
                "labels": {},
                "name": "nginx",
                "resource_version": "2290",
                "uid": "8097dea8-f7fe-4882-982e-560f370a6308"
              }
            ],
            "timeouts": null,
            "wait_for_default_service_account": false
          },
          "sensitive_attributes": [],
          "private": "eyJlMmJmYjczMC1lY2FhLTExZTYtOGY4OC0zNDM2M2JjN2M0YzAiOnsiZGVsZXRlIjozMDAwMDAwMDAwMDB9fQ==",
          "dependencies": [
            "data.google_client_config.default",
            "google_container_cluster.my_cluster"
          ]
        }
      ]
    }
  ],
  "check_results": null
}
